// !$*UTF8*$!
{
	archiveVersion = 1;
	classes = {
	};
	objectVersion = 51;
	objects = {

/* Begin PBXBuildFile section */
		A107A74525605D6600C1CC73 /* WebImagesService.swift in Sources */ = {isa = PBXBuildFile; fileRef = A107A74425605D6600C1CC73 /* WebImagesService.swift */; };
		A107A74C2560778800C1CC73 /* WebImagesViewController.swift in Sources */ = {isa = PBXBuildFile; fileRef = A107A74B2560778800C1CC73 /* WebImagesViewController.swift */; };
		A107A750256077C500C1CC73 /* WebImagesInteractor.swift in Sources */ = {isa = PBXBuildFile; fileRef = A107A74F256077C500C1CC73 /* WebImagesInteractor.swift */; };
		A107A75525607D3D00C1CC73 /* WebImageCell.swift in Sources */ = {isa = PBXBuildFile; fileRef = A107A75425607D3D00C1CC73 /* WebImageCell.swift */; };
		A107A75C2561519800C1CC73 /* WebImageCellModel.swift in Sources */ = {isa = PBXBuildFile; fileRef = A107A75B2561519800C1CC73 /* WebImageCellModel.swift */; };
		A107A75F2561BB8800C1CC73 /* WebImageView.swift in Sources */ = {isa = PBXBuildFile; fileRef = A107A75E2561BB8800C1CC73 /* WebImageView.swift */; };
		A10A883C251E8BF8006B3017 /* OnlineBadgeView.swift in Sources */ = {isa = PBXBuildFile; fileRef = A10A883B251E8BF8006B3017 /* OnlineBadgeView.swift */; };
		A10A887D251F30CC006B3017 /* UIColor+Random.swift in Sources */ = {isa = PBXBuildFile; fileRef = A10A887C251F30CC006B3017 /* UIColor+Random.swift */; };
		A10A8880251F3C60006B3017 /* ConversationViewController.swift in Sources */ = {isa = PBXBuildFile; fileRef = A10A887F251F3C60006B3017 /* ConversationViewController.swift */; };
		A10A8889251F3CC2006B3017 /* MessageCell.swift in Sources */ = {isa = PBXBuildFile; fileRef = A10A8887251F3CC2006B3017 /* MessageCell.swift */; };
		A10A8894251F6238006B3017 /* MessageCellModel.swift in Sources */ = {isa = PBXBuildFile; fileRef = A10A8893251F6238006B3017 /* MessageCellModel.swift */; };
		A1153A962565AF290004881C /* Types.swift in Sources */ = {isa = PBXBuildFile; fileRef = A1153A952565AF290004881C /* Types.swift */; };
		A1153A9F2565B9F90004881C /* RequestProtocol.swift in Sources */ = {isa = PBXBuildFile; fileRef = A1153A9E2565B9F90004881C /* RequestProtocol.swift */; };
		A1153AA32565BA050004881C /* ParserProtocol.swift in Sources */ = {isa = PBXBuildFile; fileRef = A1153AA22565BA050004881C /* ParserProtocol.swift */; };
		A1153AA62565BA740004881C /* ImageSourceParser.swift in Sources */ = {isa = PBXBuildFile; fileRef = A1153AA52565BA740004881C /* ImageSourceParser.swift */; };
		A1153AA92565BC230004881C /* ImageSourceRequest.swift in Sources */ = {isa = PBXBuildFile; fileRef = A1153AA82565BC230004881C /* ImageSourceRequest.swift */; };
		A1153AAD2565BF860004881C /* RequestSenderProtocol.swift in Sources */ = {isa = PBXBuildFile; fileRef = A1153AAC2565BF860004881C /* RequestSenderProtocol.swift */; };
		A1153AB12565C0730004881C /* RequestSender.swift in Sources */ = {isa = PBXBuildFile; fileRef = A1153AB02565C0730004881C /* RequestSender.swift */; };
		A1153AB42565C8B60004881C /* RequestsFactory.swift in Sources */ = {isa = PBXBuildFile; fileRef = A1153AB32565C8B60004881C /* RequestsFactory.swift */; };
		A11D45542548416A00A25815 /* CoreDataService.swift in Sources */ = {isa = PBXBuildFile; fileRef = A11D45532548416A00A25815 /* CoreDataService.swift */; };
		A1202F89253648A60056BFCE /* SaveUserDataOperation.swift in Sources */ = {isa = PBXBuildFile; fileRef = A1202F88253648A60056BFCE /* SaveUserDataOperation.swift */; };
		A1202FCC2537049E0056BFCE /* UIViewController+Keyboard.swift in Sources */ = {isa = PBXBuildFile; fileRef = A1202FCB2537049E0056BFCE /* UIViewController+Keyboard.swift */; };
		A1202FCF2537059D0056BFCE /* FetchUserDataOperation.swift in Sources */ = {isa = PBXBuildFile; fileRef = A1202FCE2537059D0056BFCE /* FetchUserDataOperation.swift */; };
		A120301225375EB10056BFCE /* User.swift in Sources */ = {isa = PBXBuildFile; fileRef = A120301125375EB10056BFCE /* User.swift */; };
		A12320742528C30B005F8249 /* ThemeSettingsViewController.swift in Sources */ = {isa = PBXBuildFile; fileRef = A12320722528C30B005F8249 /* ThemeSettingsViewController.swift */; };
		A12320752528C30B005F8249 /* ThemeSettingsViewController.xib in Resources */ = {isa = PBXBuildFile; fileRef = A12320732528C30B005F8249 /* ThemeSettingsViewController.xib */; };
		A123207E2529C845005F8249 /* ThemeService.swift in Sources */ = {isa = PBXBuildFile; fileRef = A123207D2529C845005F8249 /* ThemeService.swift */; };
		A12320862529CB87005F8249 /* Theme.swift in Sources */ = {isa = PBXBuildFile; fileRef = A12320852529CB87005F8249 /* Theme.swift */; };
		A128E906253C719C000ED358 /* Message.swift in Sources */ = {isa = PBXBuildFile; fileRef = A128E905253C719C000ED358 /* Message.swift */; };
		A128E913253C81D0000ED358 /* InputAccessoryContainerView.swift in Sources */ = {isa = PBXBuildFile; fileRef = A128E912253C81D0000ED358 /* InputAccessoryContainerView.swift */; };
		A137AD09254869B700E50037 /* ChannelDB.swift in Sources */ = {isa = PBXBuildFile; fileRef = A137AD05254869B700E50037 /* ChannelDB.swift */; };
		A137AD0B254869B700E50037 /* MessageDB.swift in Sources */ = {isa = PBXBuildFile; fileRef = A137AD07254869B700E50037 /* MessageDB.swift */; };
		A139ED93251741A000DA947B /* AvatarImageView.swift in Sources */ = {isa = PBXBuildFile; fileRef = A139ED92251741A000DA947B /* AvatarImageView.swift */; };
		A13A4553255DF639007609A7 /* ConversationsInteractor.swift in Sources */ = {isa = PBXBuildFile; fileRef = A13A4552255DF639007609A7 /* ConversationsInteractor.swift */; };
		A13A4558255DFA11007609A7 /* ConversationInteractor.swift in Sources */ = {isa = PBXBuildFile; fileRef = A13A4557255DFA11007609A7 /* ConversationInteractor.swift */; };
		A147585D250F5FA2004DFCAA /* AppDelegate.swift in Sources */ = {isa = PBXBuildFile; fileRef = A147585C250F5FA2004DFCAA /* AppDelegate.swift */; };
		A1475861250F5FA2004DFCAA /* ProfileViewController.swift in Sources */ = {isa = PBXBuildFile; fileRef = A1475860250F5FA2004DFCAA /* ProfileViewController.swift */; };
		A1475866250F5FA3004DFCAA /* Assets.xcassets in Resources */ = {isa = PBXBuildFile; fileRef = A1475865250F5FA3004DFCAA /* Assets.xcassets */; };
		A1475869250F5FA3004DFCAA /* LaunchScreen.storyboard in Resources */ = {isa = PBXBuildFile; fileRef = A1475867250F5FA3004DFCAA /* LaunchScreen.storyboard */; };
		A1475871250F5FEA004DFCAA /* Logger.swift in Sources */ = {isa = PBXBuildFile; fileRef = A1475870250F5FEA004DFCAA /* Logger.swift */; };
		A1475874250F6036004DFCAA /* README.md in Resources */ = {isa = PBXBuildFile; fileRef = A1475873250F6036004DFCAA /* README.md */; };
		A1635973255DE0E700D1888A /* PresentationAssembly.swift in Sources */ = {isa = PBXBuildFile; fileRef = A1635972255DE0E700D1888A /* PresentationAssembly.swift */; };
		A163597C255DE20B00D1888A /* RootAssembly.swift in Sources */ = {isa = PBXBuildFile; fileRef = A163597B255DE20B00D1888A /* RootAssembly.swift */; };
		A163597F255DE31600D1888A /* ServiceAssembly.swift in Sources */ = {isa = PBXBuildFile; fileRef = A163597E255DE31600D1888A /* ServiceAssembly.swift */; };
		A1635985255DE37400D1888A /* CoreAssembly.swift in Sources */ = {isa = PBXBuildFile; fileRef = A1635984255DE37400D1888A /* CoreAssembly.swift */; };
		A164F9A8255ECEBC00C7A56F /* FetchedResultsControllerDelegate.swift in Sources */ = {isa = PBXBuildFile; fileRef = A164F9A7255ECEBC00C7A56F /* FetchedResultsControllerDelegate.swift */; };
		A16570822517600300C22EAD /* UIAlertController+ConstraintsFix.swift in Sources */ = {isa = PBXBuildFile; fileRef = A16570812517600300C22EAD /* UIAlertController+ConstraintsFix.swift */; };
		A16570852517E6A700C22EAD /* ProfileViewController.xib in Resources */ = {isa = PBXBuildFile; fileRef = A16570842517E6A700C22EAD /* ProfileViewController.xib */; };
		A169F0C825573A6C001F0EDB /* Managed.swift in Sources */ = {isa = PBXBuildFile; fileRef = A169F0C725573A6C001F0EDB /* Managed.swift */; };
		A169F0DD255961A9001F0EDB /* TextViewWithPlaceholder.swift in Sources */ = {isa = PBXBuildFile; fileRef = A169F0DC255961A9001F0EDB /* TextViewWithPlaceholder.swift */; };
		A16D5B202569C78200C48F78 /* WigglingAnimation.swift in Sources */ = {isa = PBXBuildFile; fileRef = A16D5B1F2569C78200C48F78 /* WigglingAnimation.swift */; };
		A16D5B25256B079900C48F78 /* ProfileTransition.swift in Sources */ = {isa = PBXBuildFile; fileRef = A16D5B24256B079900C48F78 /* ProfileTransition.swift */; };
		A1761CBD255F375900BDFF14 /* UserDataCore.swift in Sources */ = {isa = PBXBuildFile; fileRef = A1761CBC255F375900BDFF14 /* UserDataCore.swift */; };
		A187D11A253B9391008AAE86 /* .swiftlint.yml in Resources */ = {isa = PBXBuildFile; fileRef = A187D119253B9391008AAE86 /* .swiftlint.yml */; };
		A187D11D253C4AD4008AAE86 /* FirebaseService.swift in Sources */ = {isa = PBXBuildFile; fileRef = A187D11C253C4AD4008AAE86 /* FirebaseService.swift */; };
		A187D126253C5230008AAE86 /* Channel.swift in Sources */ = {isa = PBXBuildFile; fileRef = A187D125253C5230008AAE86 /* Channel.swift */; };
		A18A6865253EF9B400E1B4D7 /* FirebaseExtensions.swift in Sources */ = {isa = PBXBuildFile; fileRef = A18A6864253EF9B400E1B4D7 /* FirebaseExtensions.swift */; };
		A18E47392534BB330096D1B3 /* GCDUserDataService.swift in Sources */ = {isa = PBXBuildFile; fileRef = A18E47382534BB330096D1B3 /* GCDUserDataService.swift */; };
		A18E473C2534BB430096D1B3 /* OperationUserDataService.swift in Sources */ = {isa = PBXBuildFile; fileRef = A18E473B2534BB430096D1B3 /* OperationUserDataService.swift */; };
		A18E47432534C4BA0096D1B3 /* UIViewController+Alert.swift in Sources */ = {isa = PBXBuildFile; fileRef = A18E47422534C4BA0096D1B3 /* UIViewController+Alert.swift */; };
		A195969C256404760099867E /* UIView+AddSubview.swift in Sources */ = {isa = PBXBuildFile; fileRef = A195969B256404760099867E /* UIView+AddSubview.swift */; };
		A1AF2223255F394700F98541 /* UserDataServiceProtocol.swift in Sources */ = {isa = PBXBuildFile; fileRef = A1AF2222255F394700F98541 /* UserDataServiceProtocol.swift */; };
		A1C0CDB1255DF139002C1D76 /* ThemeSettingsInteractor.swift in Sources */ = {isa = PBXBuildFile; fileRef = A1C0CDB0255DF139002C1D76 /* ThemeSettingsInteractor.swift */; };
		A1C0CDB5255DF31C002C1D76 /* ProfileInteractor.swift in Sources */ = {isa = PBXBuildFile; fileRef = A1C0CDB4255DF31C002C1D76 /* ProfileInteractor.swift */; };
		A1C7439B251E386B005B5195 /* ConversationsViewController.swift in Sources */ = {isa = PBXBuildFile; fileRef = A1C7439A251E386B005B5195 /* ConversationsViewController.swift */; };
		A1C743A3251E39BF005B5195 /* ConversationCellModel.swift in Sources */ = {isa = PBXBuildFile; fileRef = A1C743A2251E39BF005B5195 /* ConversationCellModel.swift */; };
		A1C743A7251E3ABA005B5195 /* ConversationCell.swift in Sources */ = {isa = PBXBuildFile; fileRef = A1C743A5251E3ABA005B5195 /* ConversationCell.swift */; };
		A1C743A8251E3ABA005B5195 /* ConversationCell.xib in Resources */ = {isa = PBXBuildFile; fileRef = A1C743A6251E3ABA005B5195 /* ConversationCell.xib */; };
		A1C743AB251E3C6B005B5195 /* ConvenientCell.swift in Sources */ = {isa = PBXBuildFile; fileRef = A1C743AA251E3C6B005B5195 /* ConvenientCell.swift */; };
		A1CF7B2D2538B5BC00190B95 /* GoogleService-Info.plist in Resources */ = {isa = PBXBuildFile; fileRef = A1CF7B2C2538B5BC00190B95 /* GoogleService-Info.plist */; };
		A1DE22C425484519008F05FA /* Chat.xcdatamodeld in Sources */ = {isa = PBXBuildFile; fileRef = A1DE22C225484519008F05FA /* Chat.xcdatamodeld */; };
		A1F6B16D255175E900C7E1D2 /* HeaderDateLabel.swift in Sources */ = {isa = PBXBuildFile; fileRef = A1F6B16C255175E900C7E1D2 /* HeaderDateLabel.swift */; };
		A1F6B1702551769A00C7E1D2 /* ConversationDateHeader.swift in Sources */ = {isa = PBXBuildFile; fileRef = A1F6B16F2551769A00C7E1D2 /* ConversationDateHeader.swift */; };
		A1FADAE02550B8DE00B230BD /* FirestoreUpdate.swift in Sources */ = {isa = PBXBuildFile; fileRef = A1FADADF2550B8DE00B230BD /* FirestoreUpdate.swift */; };
		E13F402D7F8E5D55C174C660 /* Pods_FintechApp.framework in Frameworks */ = {isa = PBXBuildFile; fileRef = 1C7E1EEFBFD98FAA5EFDF703 /* Pods_FintechApp.framework */; };
/* End PBXBuildFile section */

/* Begin PBXFileReference section */
		1C7E1EEFBFD98FAA5EFDF703 /* Pods_FintechApp.framework */ = {isa = PBXFileReference; explicitFileType = wrapper.framework; includeInIndex = 0; path = Pods_FintechApp.framework; sourceTree = BUILT_PRODUCTS_DIR; };
		514E5A995CD6C9BABDE5FB16 /* Pods-FintechApp.debug.xcconfig */ = {isa = PBXFileReference; includeInIndex = 1; lastKnownFileType = text.xcconfig; name = "Pods-FintechApp.debug.xcconfig"; path = "Target Support Files/Pods-FintechApp/Pods-FintechApp.debug.xcconfig"; sourceTree = "<group>"; };
		9D62D48067EC9199756A663E /* Pods-FintechApp.release.xcconfig */ = {isa = PBXFileReference; includeInIndex = 1; lastKnownFileType = text.xcconfig; name = "Pods-FintechApp.release.xcconfig"; path = "Target Support Files/Pods-FintechApp/Pods-FintechApp.release.xcconfig"; sourceTree = "<group>"; };
		A107A74425605D6600C1CC73 /* WebImagesService.swift */ = {isa = PBXFileReference; lastKnownFileType = sourcecode.swift; path = WebImagesService.swift; sourceTree = "<group>"; };
		A107A74B2560778800C1CC73 /* WebImagesViewController.swift */ = {isa = PBXFileReference; lastKnownFileType = sourcecode.swift; path = WebImagesViewController.swift; sourceTree = "<group>"; };
		A107A74F256077C500C1CC73 /* WebImagesInteractor.swift */ = {isa = PBXFileReference; lastKnownFileType = sourcecode.swift; path = WebImagesInteractor.swift; sourceTree = "<group>"; };
		A107A75425607D3D00C1CC73 /* WebImageCell.swift */ = {isa = PBXFileReference; lastKnownFileType = sourcecode.swift; path = WebImageCell.swift; sourceTree = "<group>"; };
		A107A75B2561519800C1CC73 /* WebImageCellModel.swift */ = {isa = PBXFileReference; lastKnownFileType = sourcecode.swift; path = WebImageCellModel.swift; sourceTree = "<group>"; };
		A107A75E2561BB8800C1CC73 /* WebImageView.swift */ = {isa = PBXFileReference; lastKnownFileType = sourcecode.swift; path = WebImageView.swift; sourceTree = "<group>"; };
		A10A883B251E8BF8006B3017 /* OnlineBadgeView.swift */ = {isa = PBXFileReference; lastKnownFileType = sourcecode.swift; path = OnlineBadgeView.swift; sourceTree = "<group>"; };
		A10A887C251F30CC006B3017 /* UIColor+Random.swift */ = {isa = PBXFileReference; lastKnownFileType = sourcecode.swift; path = "UIColor+Random.swift"; sourceTree = "<group>"; };
		A10A887F251F3C60006B3017 /* ConversationViewController.swift */ = {isa = PBXFileReference; lastKnownFileType = sourcecode.swift; path = ConversationViewController.swift; sourceTree = "<group>"; };
		A10A8887251F3CC2006B3017 /* MessageCell.swift */ = {isa = PBXFileReference; lastKnownFileType = sourcecode.swift; path = MessageCell.swift; sourceTree = "<group>"; };
		A10A8893251F6238006B3017 /* MessageCellModel.swift */ = {isa = PBXFileReference; lastKnownFileType = sourcecode.swift; path = MessageCellModel.swift; sourceTree = "<group>"; };
		A1153A952565AF290004881C /* Types.swift */ = {isa = PBXFileReference; lastKnownFileType = sourcecode.swift; path = Types.swift; sourceTree = "<group>"; };
		A1153A9E2565B9F90004881C /* RequestProtocol.swift */ = {isa = PBXFileReference; lastKnownFileType = sourcecode.swift; path = RequestProtocol.swift; sourceTree = "<group>"; };
		A1153AA22565BA050004881C /* ParserProtocol.swift */ = {isa = PBXFileReference; lastKnownFileType = sourcecode.swift; path = ParserProtocol.swift; sourceTree = "<group>"; };
		A1153AA52565BA740004881C /* ImageSourceParser.swift */ = {isa = PBXFileReference; lastKnownFileType = sourcecode.swift; path = ImageSourceParser.swift; sourceTree = "<group>"; };
		A1153AA82565BC230004881C /* ImageSourceRequest.swift */ = {isa = PBXFileReference; lastKnownFileType = sourcecode.swift; path = ImageSourceRequest.swift; sourceTree = "<group>"; };
		A1153AAC2565BF860004881C /* RequestSenderProtocol.swift */ = {isa = PBXFileReference; lastKnownFileType = sourcecode.swift; path = RequestSenderProtocol.swift; sourceTree = "<group>"; };
		A1153AB02565C0730004881C /* RequestSender.swift */ = {isa = PBXFileReference; lastKnownFileType = sourcecode.swift; path = RequestSender.swift; sourceTree = "<group>"; };
		A1153AB32565C8B60004881C /* RequestsFactory.swift */ = {isa = PBXFileReference; lastKnownFileType = sourcecode.swift; path = RequestsFactory.swift; sourceTree = "<group>"; };
		A11D45532548416A00A25815 /* CoreDataService.swift */ = {isa = PBXFileReference; lastKnownFileType = sourcecode.swift; path = CoreDataService.swift; sourceTree = "<group>"; };
		A1202F88253648A60056BFCE /* SaveUserDataOperation.swift */ = {isa = PBXFileReference; lastKnownFileType = sourcecode.swift; path = SaveUserDataOperation.swift; sourceTree = "<group>"; };
		A1202FCB2537049E0056BFCE /* UIViewController+Keyboard.swift */ = {isa = PBXFileReference; lastKnownFileType = sourcecode.swift; path = "UIViewController+Keyboard.swift"; sourceTree = "<group>"; };
		A1202FCE2537059D0056BFCE /* FetchUserDataOperation.swift */ = {isa = PBXFileReference; lastKnownFileType = sourcecode.swift; path = FetchUserDataOperation.swift; sourceTree = "<group>"; };
		A120301125375EB10056BFCE /* User.swift */ = {isa = PBXFileReference; lastKnownFileType = sourcecode.swift; path = User.swift; sourceTree = "<group>"; };
		A12320722528C30B005F8249 /* ThemeSettingsViewController.swift */ = {isa = PBXFileReference; lastKnownFileType = sourcecode.swift; path = ThemeSettingsViewController.swift; sourceTree = "<group>"; };
		A12320732528C30B005F8249 /* ThemeSettingsViewController.xib */ = {isa = PBXFileReference; lastKnownFileType = file.xib; path = ThemeSettingsViewController.xib; sourceTree = "<group>"; };
		A123207D2529C845005F8249 /* ThemeService.swift */ = {isa = PBXFileReference; lastKnownFileType = sourcecode.swift; path = ThemeService.swift; sourceTree = "<group>"; };
		A12320852529CB87005F8249 /* Theme.swift */ = {isa = PBXFileReference; lastKnownFileType = sourcecode.swift; path = Theme.swift; sourceTree = "<group>"; };
		A128E905253C719C000ED358 /* Message.swift */ = {isa = PBXFileReference; lastKnownFileType = sourcecode.swift; path = Message.swift; sourceTree = "<group>"; };
		A128E912253C81D0000ED358 /* InputAccessoryContainerView.swift */ = {isa = PBXFileReference; lastKnownFileType = sourcecode.swift; path = InputAccessoryContainerView.swift; sourceTree = "<group>"; };
		A137AD05254869B700E50037 /* ChannelDB.swift */ = {isa = PBXFileReference; lastKnownFileType = sourcecode.swift; path = ChannelDB.swift; sourceTree = "<group>"; };
		A137AD07254869B700E50037 /* MessageDB.swift */ = {isa = PBXFileReference; lastKnownFileType = sourcecode.swift; path = MessageDB.swift; sourceTree = "<group>"; };
		A139ED92251741A000DA947B /* AvatarImageView.swift */ = {isa = PBXFileReference; lastKnownFileType = sourcecode.swift; path = AvatarImageView.swift; sourceTree = "<group>"; };
		A13A4552255DF639007609A7 /* ConversationsInteractor.swift */ = {isa = PBXFileReference; lastKnownFileType = sourcecode.swift; path = ConversationsInteractor.swift; sourceTree = "<group>"; };
		A13A4557255DFA11007609A7 /* ConversationInteractor.swift */ = {isa = PBXFileReference; lastKnownFileType = sourcecode.swift; path = ConversationInteractor.swift; sourceTree = "<group>"; };
		A1475859250F5FA2004DFCAA /* FintechApp.app */ = {isa = PBXFileReference; explicitFileType = wrapper.application; includeInIndex = 0; path = FintechApp.app; sourceTree = BUILT_PRODUCTS_DIR; };
		A147585C250F5FA2004DFCAA /* AppDelegate.swift */ = {isa = PBXFileReference; lastKnownFileType = sourcecode.swift; path = AppDelegate.swift; sourceTree = "<group>"; };
		A1475860250F5FA2004DFCAA /* ProfileViewController.swift */ = {isa = PBXFileReference; lastKnownFileType = sourcecode.swift; path = ProfileViewController.swift; sourceTree = "<group>"; };
		A1475865250F5FA3004DFCAA /* Assets.xcassets */ = {isa = PBXFileReference; lastKnownFileType = folder.assetcatalog; path = Assets.xcassets; sourceTree = "<group>"; };
		A1475868250F5FA3004DFCAA /* Base */ = {isa = PBXFileReference; lastKnownFileType = file.storyboard; name = Base; path = Base.lproj/LaunchScreen.storyboard; sourceTree = "<group>"; };
		A147586A250F5FA3004DFCAA /* Info.plist */ = {isa = PBXFileReference; lastKnownFileType = text.plist.xml; path = Info.plist; sourceTree = "<group>"; };
		A1475870250F5FEA004DFCAA /* Logger.swift */ = {isa = PBXFileReference; lastKnownFileType = sourcecode.swift; path = Logger.swift; sourceTree = "<group>"; };
		A1475873250F6036004DFCAA /* README.md */ = {isa = PBXFileReference; fileEncoding = 4; lastKnownFileType = net.daringfireball.markdown; path = README.md; sourceTree = "<group>"; };
		A1635972255DE0E700D1888A /* PresentationAssembly.swift */ = {isa = PBXFileReference; lastKnownFileType = sourcecode.swift; path = PresentationAssembly.swift; sourceTree = "<group>"; };
		A163597B255DE20B00D1888A /* RootAssembly.swift */ = {isa = PBXFileReference; lastKnownFileType = sourcecode.swift; path = RootAssembly.swift; sourceTree = "<group>"; };
		A163597E255DE31600D1888A /* ServiceAssembly.swift */ = {isa = PBXFileReference; lastKnownFileType = sourcecode.swift; path = ServiceAssembly.swift; sourceTree = "<group>"; };
		A1635984255DE37400D1888A /* CoreAssembly.swift */ = {isa = PBXFileReference; lastKnownFileType = sourcecode.swift; path = CoreAssembly.swift; sourceTree = "<group>"; };
		A164F9A7255ECEBC00C7A56F /* FetchedResultsControllerDelegate.swift */ = {isa = PBXFileReference; lastKnownFileType = sourcecode.swift; path = FetchedResultsControllerDelegate.swift; sourceTree = "<group>"; };
		A16570812517600300C22EAD /* UIAlertController+ConstraintsFix.swift */ = {isa = PBXFileReference; lastKnownFileType = sourcecode.swift; path = "UIAlertController+ConstraintsFix.swift"; sourceTree = "<group>"; };
		A16570842517E6A700C22EAD /* ProfileViewController.xib */ = {isa = PBXFileReference; lastKnownFileType = file.xib; path = ProfileViewController.xib; sourceTree = "<group>"; };
		A169F0C725573A6C001F0EDB /* Managed.swift */ = {isa = PBXFileReference; lastKnownFileType = sourcecode.swift; path = Managed.swift; sourceTree = "<group>"; };
		A169F0DC255961A9001F0EDB /* TextViewWithPlaceholder.swift */ = {isa = PBXFileReference; lastKnownFileType = sourcecode.swift; path = TextViewWithPlaceholder.swift; sourceTree = "<group>"; };
		A16D5B1F2569C78200C48F78 /* WigglingAnimation.swift */ = {isa = PBXFileReference; lastKnownFileType = sourcecode.swift; path = WigglingAnimation.swift; sourceTree = "<group>"; };
		A16D5B24256B079900C48F78 /* ProfileTransition.swift */ = {isa = PBXFileReference; lastKnownFileType = sourcecode.swift; path = ProfileTransition.swift; sourceTree = "<group>"; };
		A1761CBC255F375900BDFF14 /* UserDataCore.swift */ = {isa = PBXFileReference; lastKnownFileType = sourcecode.swift; path = UserDataCore.swift; sourceTree = "<group>"; };
		A187D119253B9391008AAE86 /* .swiftlint.yml */ = {isa = PBXFileReference; fileEncoding = 4; lastKnownFileType = text.yaml; path = .swiftlint.yml; sourceTree = "<group>"; };
		A187D11C253C4AD4008AAE86 /* FirebaseService.swift */ = {isa = PBXFileReference; lastKnownFileType = sourcecode.swift; path = FirebaseService.swift; sourceTree = "<group>"; };
		A187D125253C5230008AAE86 /* Channel.swift */ = {isa = PBXFileReference; lastKnownFileType = sourcecode.swift; path = Channel.swift; sourceTree = "<group>"; };
		A18A6864253EF9B400E1B4D7 /* FirebaseExtensions.swift */ = {isa = PBXFileReference; lastKnownFileType = sourcecode.swift; path = FirebaseExtensions.swift; sourceTree = "<group>"; };
		A18E47382534BB330096D1B3 /* GCDUserDataService.swift */ = {isa = PBXFileReference; lastKnownFileType = sourcecode.swift; path = GCDUserDataService.swift; sourceTree = "<group>"; };
		A18E473B2534BB430096D1B3 /* OperationUserDataService.swift */ = {isa = PBXFileReference; lastKnownFileType = sourcecode.swift; path = OperationUserDataService.swift; sourceTree = "<group>"; };
		A18E47422534C4BA0096D1B3 /* UIViewController+Alert.swift */ = {isa = PBXFileReference; lastKnownFileType = sourcecode.swift; path = "UIViewController+Alert.swift"; sourceTree = "<group>"; };
		A195969B256404760099867E /* UIView+AddSubview.swift */ = {isa = PBXFileReference; lastKnownFileType = sourcecode.swift; path = "UIView+AddSubview.swift"; sourceTree = "<group>"; };
		A1AF2222255F394700F98541 /* UserDataServiceProtocol.swift */ = {isa = PBXFileReference; lastKnownFileType = sourcecode.swift; path = UserDataServiceProtocol.swift; sourceTree = "<group>"; };
		A1C0CDB0255DF139002C1D76 /* ThemeSettingsInteractor.swift */ = {isa = PBXFileReference; lastKnownFileType = sourcecode.swift; path = ThemeSettingsInteractor.swift; sourceTree = "<group>"; };
		A1C0CDB4255DF31C002C1D76 /* ProfileInteractor.swift */ = {isa = PBXFileReference; lastKnownFileType = sourcecode.swift; path = ProfileInteractor.swift; sourceTree = "<group>"; };
		A1C7439A251E386B005B5195 /* ConversationsViewController.swift */ = {isa = PBXFileReference; lastKnownFileType = sourcecode.swift; path = ConversationsViewController.swift; sourceTree = "<group>"; };
		A1C743A2251E39BF005B5195 /* ConversationCellModel.swift */ = {isa = PBXFileReference; lastKnownFileType = sourcecode.swift; path = ConversationCellModel.swift; sourceTree = "<group>"; };
		A1C743A5251E3ABA005B5195 /* ConversationCell.swift */ = {isa = PBXFileReference; lastKnownFileType = sourcecode.swift; path = ConversationCell.swift; sourceTree = "<group>"; };
		A1C743A6251E3ABA005B5195 /* ConversationCell.xib */ = {isa = PBXFileReference; lastKnownFileType = file.xib; path = ConversationCell.xib; sourceTree = "<group>"; };
		A1C743AA251E3C6B005B5195 /* ConvenientCell.swift */ = {isa = PBXFileReference; lastKnownFileType = sourcecode.swift; path = ConvenientCell.swift; sourceTree = "<group>"; };
		A1CF7B2C2538B5BC00190B95 /* GoogleService-Info.plist */ = {isa = PBXFileReference; fileEncoding = 4; lastKnownFileType = text.plist.xml; path = "GoogleService-Info.plist"; sourceTree = "<group>"; };
		A1DE22C325484519008F05FA /* Chat.xcdatamodel */ = {isa = PBXFileReference; lastKnownFileType = wrapper.xcdatamodel; path = Chat.xcdatamodel; sourceTree = "<group>"; };
		A1F6B16C255175E900C7E1D2 /* HeaderDateLabel.swift */ = {isa = PBXFileReference; lastKnownFileType = sourcecode.swift; path = HeaderDateLabel.swift; sourceTree = "<group>"; };
		A1F6B16F2551769A00C7E1D2 /* ConversationDateHeader.swift */ = {isa = PBXFileReference; lastKnownFileType = sourcecode.swift; path = ConversationDateHeader.swift; sourceTree = "<group>"; };
		A1FADADF2550B8DE00B230BD /* FirestoreUpdate.swift */ = {isa = PBXFileReference; lastKnownFileType = sourcecode.swift; path = FirestoreUpdate.swift; sourceTree = "<group>"; };
/* End PBXFileReference section */

/* Begin PBXFrameworksBuildPhase section */
		A1475856250F5FA2004DFCAA /* Frameworks */ = {
			isa = PBXFrameworksBuildPhase;
			buildActionMask = 2147483647;
			files = (
				E13F402D7F8E5D55C174C660 /* Pods_FintechApp.framework in Frameworks */,
			);
			runOnlyForDeploymentPostprocessing = 0;
		};
/* End PBXFrameworksBuildPhase section */

/* Begin PBXGroup section */
		4A67DF2E7D9804E20C36FFB3 /* Pods */ = {
			isa = PBXGroup;
			children = (
				514E5A995CD6C9BABDE5FB16 /* Pods-FintechApp.debug.xcconfig */,
				9D62D48067EC9199756A663E /* Pods-FintechApp.release.xcconfig */,
			);
			path = Pods;
			sourceTree = "<group>";
		};
		7A858F756CB69CDF27A7A384 /* Frameworks */ = {
			isa = PBXGroup;
			children = (
				1C7E1EEFBFD98FAA5EFDF703 /* Pods_FintechApp.framework */,
			);
			name = Frameworks;
			sourceTree = "<group>";
		};
		A107A74325605D2D00C1CC73 /* WebImagesService */ = {
			isa = PBXGroup;
			children = (
				A107A74425605D6600C1CC73 /* WebImagesService.swift */,
			);
			path = WebImagesService;
			sourceTree = "<group>";
		};
		A107A74825605D7900C1CC73 /* Entities */ = {
			isa = PBXGroup;
			children = (
				A12320852529CB87005F8249 /* Theme.swift */,
			);
			path = Entities;
			sourceTree = "<group>";
		};
		A107A74A2560775900C1CC73 /* WebImagesViewController */ = {
			isa = PBXGroup;
			children = (
				A107A7622561BB8F00C1CC73 /* AdditionalUI */,
				A107A75825607D6500C1CC73 /* Cell */,
				A107A74F256077C500C1CC73 /* WebImagesInteractor.swift */,
				A107A74B2560778800C1CC73 /* WebImagesViewController.swift */,
			);
			path = WebImagesViewController;
			sourceTree = "<group>";
		};
		A107A75825607D6500C1CC73 /* Cell */ = {
			isa = PBXGroup;
			children = (
				A107A75425607D3D00C1CC73 /* WebImageCell.swift */,
				A107A75B2561519800C1CC73 /* WebImageCellModel.swift */,
			);
			path = Cell;
			sourceTree = "<group>";
		};
		A107A7622561BB8F00C1CC73 /* AdditionalUI */ = {
			isa = PBXGroup;
			children = (
				A107A75E2561BB8800C1CC73 /* WebImageView.swift */,
			);
			path = AdditionalUI;
			sourceTree = "<group>";
		};
		A10A8882251F3C65006B3017 /* Conversation */ = {
			isa = PBXGroup;
			children = (
				A128E918253C8200000ED358 /* AdditionalUI */,
				A10A888C251F3CCF006B3017 /* Cell */,
				A13A4557255DFA11007609A7 /* ConversationInteractor.swift */,
				A10A887F251F3C60006B3017 /* ConversationViewController.swift */,
			);
			path = Conversation;
			sourceTree = "<group>";
		};
		A10A8884251F3C76006B3017 /* Cell */ = {
			isa = PBXGroup;
			children = (
				A1C743A5251E3ABA005B5195 /* ConversationCell.swift */,
				A1C743A6251E3ABA005B5195 /* ConversationCell.xib */,
				A1C743A2251E39BF005B5195 /* ConversationCellModel.swift */,
			);
			path = Cell;
			sourceTree = "<group>";
		};
		A10A888C251F3CCF006B3017 /* Cell */ = {
			isa = PBXGroup;
			children = (
				A10A8887251F3CC2006B3017 /* MessageCell.swift */,
				A10A8893251F6238006B3017 /* MessageCellModel.swift */,
			);
			path = Cell;
			sourceTree = "<group>";
		};
		A1153A9C2565B9B80004881C /* Parsers */ = {
			isa = PBXGroup;
			children = (
				A1153AA22565BA050004881C /* ParserProtocol.swift */,
				A1153AA52565BA740004881C /* ImageSourceParser.swift */,
			);
			path = Parsers;
			sourceTree = "<group>";
		};
		A1153A9D2565B9C10004881C /* Requests */ = {
			isa = PBXGroup;
			children = (
				A1153A9E2565B9F90004881C /* RequestProtocol.swift */,
				A1153AA82565BC230004881C /* ImageSourceRequest.swift */,
			);
			path = Requests;
			sourceTree = "<group>";
		};
		A1153AAB2565BF720004881C /* RequestSender */ = {
			isa = PBXGroup;
			children = (
				A1153AAC2565BF860004881C /* RequestSenderProtocol.swift */,
				A1153AB02565C0730004881C /* RequestSender.swift */,
			);
			path = RequestSender;
			sourceTree = "<group>";
		};
		A11D45562548417500A25815 /* CoreDataService */ = {
			isa = PBXGroup;
			children = (
				A1DE22C625484522008F05FA /* Entities */,
				A11D45532548416A00A25815 /* CoreDataService.swift */,
			);
			path = CoreDataService;
			sourceTree = "<group>";
		};
		A12320772528C313005F8249 /* ThemeSettings */ = {
			isa = PBXGroup;
			children = (
				A1C0CDB0255DF139002C1D76 /* ThemeSettingsInteractor.swift */,
				A12320722528C30B005F8249 /* ThemeSettingsViewController.swift */,
				A12320732528C30B005F8249 /* ThemeSettingsViewController.xib */,
			);
			path = ThemeSettings;
			sourceTree = "<group>";
		};
		A12320842529CB7B005F8249 /* ThemeService */ = {
			isa = PBXGroup;
			children = (
				A107A74825605D7900C1CC73 /* Entities */,
				A123207D2529C845005F8249 /* ThemeService.swift */,
			);
			path = ThemeService;
			sourceTree = "<group>";
		};
		A128E903253C718D000ED358 /* Entities */ = {
			isa = PBXGroup;
			children = (
				A187D125253C5230008AAE86 /* Channel.swift */,
				A128E905253C719C000ED358 /* Message.swift */,
				A1FADADF2550B8DE00B230BD /* FirestoreUpdate.swift */,
			);
			path = Entities;
			sourceTree = "<group>";
		};
		A128E918253C8200000ED358 /* AdditionalUI */ = {
			isa = PBXGroup;
			children = (
				A128E912253C81D0000ED358 /* InputAccessoryContainerView.swift */,
				A169F0DC255961A9001F0EDB /* TextViewWithPlaceholder.swift */,
				A1F6B16C255175E900C7E1D2 /* HeaderDateLabel.swift */,
				A1F6B16F2551769A00C7E1D2 /* ConversationDateHeader.swift */,
			);
			path = AdditionalUI;
			sourceTree = "<group>";
		};
		A139ED94251741A900DA947B /* Views */ = {
			isa = PBXGroup;
			children = (
				A139ED92251741A000DA947B /* AvatarImageView.swift */,
			);
			path = Views;
			sourceTree = "<group>";
		};
		A13A4571255EA01D007609A7 /* AdditionalUI */ = {
			isa = PBXGroup;
			children = (
				A10A883B251E8BF8006B3017 /* OnlineBadgeView.swift */,
			);
			path = AdditionalUI;
			sourceTree = "<group>";
		};
		A1475850250F5FA2004DFCAA = {
			isa = PBXGroup;
			children = (
				A1475873250F6036004DFCAA /* README.md */,
				A187D119253B9391008AAE86 /* .swiftlint.yml */,
				A147585B250F5FA2004DFCAA /* FintechApp */,
				A147585A250F5FA2004DFCAA /* Products */,
				4A67DF2E7D9804E20C36FFB3 /* Pods */,
				7A858F756CB69CDF27A7A384 /* Frameworks */,
			);
			sourceTree = "<group>";
		};
		A147585A250F5FA2004DFCAA /* Products */ = {
			isa = PBXGroup;
			children = (
				A1475859250F5FA2004DFCAA /* FintechApp.app */,
			);
			name = Products;
			sourceTree = "<group>";
		};
		A147585B250F5FA2004DFCAA /* FintechApp */ = {
			isa = PBXGroup;
			children = (
				A147585C250F5FA2004DFCAA /* AppDelegate.swift */,
				A163597B255DE20B00D1888A /* RootAssembly.swift */,
				A1635977255DE0FB00D1888A /* PresentationLayer */,
				A1635982255DE32600D1888A /* ServiceLayer */,
				A163598C255DE38200D1888A /* CoreLayer */,
				A1475872250F6000004DFCAA /* Utilities */,
				A1475865250F5FA3004DFCAA /* Assets.xcassets */,
				A1475867250F5FA3004DFCAA /* LaunchScreen.storyboard */,
				A1CF7B2C2538B5BC00190B95 /* GoogleService-Info.plist */,
				A147586A250F5FA3004DFCAA /* Info.plist */,
			);
			path = FintechApp;
			sourceTree = "<group>";
		};
		A1475872250F6000004DFCAA /* Utilities */ = {
			isa = PBXGroup;
			children = (
				A1475870250F5FEA004DFCAA /* Logger.swift */,
				A1153A952565AF290004881C /* Types.swift */,
				A16570832517601700C22EAD /* Extensions */,
			);
			path = Utilities;
			sourceTree = "<group>";
		};
		A1635975255DE0EC00D1888A /* Assembly */ = {
			isa = PBXGroup;
			children = (
				A1635972255DE0E700D1888A /* PresentationAssembly.swift */,
			);
			path = Assembly;
			sourceTree = "<group>";
		};
		A1635977255DE0FB00D1888A /* PresentationLayer */ = {
			isa = PBXGroup;
			children = (
				A1635975255DE0EC00D1888A /* Assembly */,
				A1635979255DE15200D1888A /* Modules */,
				A164F9AA255ECEF800C7A56F /* AdditionalClasses */,
				A139ED94251741A900DA947B /* Views */,
			);
			path = PresentationLayer;
			sourceTree = "<group>";
		};
		A1635979255DE15200D1888A /* Modules */ = {
			isa = PBXGroup;
			children = (
				A16570862517EC0E00C22EAD /* ProfileViewController */,
				A107A74A2560775900C1CC73 /* WebImagesViewController */,
				A1C7439D251E3872005B5195 /* ConversationsList */,
				A10A8882251F3C65006B3017 /* Conversation */,
				A12320772528C313005F8249 /* ThemeSettings */,
			);
			path = Modules;
			sourceTree = "<group>";
		};
		A1635981255DE31D00D1888A /* Assembly */ = {
			isa = PBXGroup;
			children = (
				A163597E255DE31600D1888A /* ServiceAssembly.swift */,
			);
			path = Assembly;
			sourceTree = "<group>";
		};
		A1635982255DE32600D1888A /* ServiceLayer */ = {
			isa = PBXGroup;
			children = (
				A1635981255DE31D00D1888A /* Assembly */,
				A107A74325605D2D00C1CC73 /* WebImagesService */,
				A12320842529CB7B005F8249 /* ThemeService */,
				A187D123253C4AFD008AAE86 /* FirebaseService */,
				A11D45562548417500A25815 /* CoreDataService */,
				A1F1F46725363139002388AB /* UserDataService */,
			);
			path = ServiceLayer;
			sourceTree = "<group>";
		};
		A1635989255DE37B00D1888A /* Assembly */ = {
			isa = PBXGroup;
			children = (
				A1635984255DE37400D1888A /* CoreAssembly.swift */,
			);
			path = Assembly;
			sourceTree = "<group>";
		};
		A163598C255DE38200D1888A /* CoreLayer */ = {
			isa = PBXGroup;
			children = (
				A1635989255DE37B00D1888A /* Assembly */,
				A188A7D42561EB6F0053FFFA /* NetworkCore */,
				A1761CBF255F375E00BDFF14 /* UserDataCore */,
			);
			path = CoreLayer;
			sourceTree = "<group>";
		};
		A164F9AA255ECEF800C7A56F /* AdditionalClasses */ = {
			isa = PBXGroup;
			children = (
				A164F9A7255ECEBC00C7A56F /* FetchedResultsControllerDelegate.swift */,
			);
			path = AdditionalClasses;
			sourceTree = "<group>";
		};
		A16570832517601700C22EAD /* Extensions */ = {
			isa = PBXGroup;
			children = (
				A16570812517600300C22EAD /* UIAlertController+ConstraintsFix.swift */,
				A1C743AA251E3C6B005B5195 /* ConvenientCell.swift */,
				A10A887C251F30CC006B3017 /* UIColor+Random.swift */,
				A18E47422534C4BA0096D1B3 /* UIViewController+Alert.swift */,
				A1202FCB2537049E0056BFCE /* UIViewController+Keyboard.swift */,
				A195969B256404760099867E /* UIView+AddSubview.swift */,
			);
			path = Extensions;
			sourceTree = "<group>";
		};
		A16570862517EC0E00C22EAD /* ProfileViewController */ = {
			isa = PBXGroup;
			children = (
				A16D5B27256B07A000C48F78 /* Transitions */,
				A16D5B1E2569C76500C48F78 /* Animations */,
				A1C0CDB4255DF31C002C1D76 /* ProfileInteractor.swift */,
				A1475860250F5FA2004DFCAA /* ProfileViewController.swift */,
				A16570842517E6A700C22EAD /* ProfileViewController.xib */,
			);
			path = ProfileViewController;
			sourceTree = "<group>";
		};
		A16D5B1E2569C76500C48F78 /* Animations */ = {
			isa = PBXGroup;
			children = (
				A16D5B1F2569C78200C48F78 /* WigglingAnimation.swift */,
			);
			path = Animations;
			sourceTree = "<group>";
		};
		A16D5B27256B07A000C48F78 /* Transitions */ = {
			isa = PBXGroup;
			children = (
				A16D5B24256B079900C48F78 /* ProfileTransition.swift */,
			);
			path = Transitions;
			sourceTree = "<group>";
		};
		A1761CBF255F375E00BDFF14 /* UserDataCore */ = {
			isa = PBXGroup;
			children = (
				A1761CC1255F384000BDFF14 /* Entities */,
				A1761CBC255F375900BDFF14 /* UserDataCore.swift */,
			);
			path = UserDataCore;
			sourceTree = "<group>";
		};
		A1761CC1255F384000BDFF14 /* Entities */ = {
			isa = PBXGroup;
			children = (
				A120301125375EB10056BFCE /* User.swift */,
			);
			path = Entities;
			sourceTree = "<group>";
		};
		A187D123253C4AFD008AAE86 /* FirebaseService */ = {
			isa = PBXGroup;
			children = (
				A128E903253C718D000ED358 /* Entities */,
				A187D11C253C4AD4008AAE86 /* FirebaseService.swift */,
				A18A6864253EF9B400E1B4D7 /* FirebaseExtensions.swift */,
			);
			path = FirebaseService;
			sourceTree = "<group>";
		};
		A188A7D42561EB6F0053FFFA /* NetworkCore */ = {
			isa = PBXGroup;
			children = (
				A1153AB32565C8B60004881C /* RequestsFactory.swift */,
				A1153AAB2565BF720004881C /* RequestSender */,
				A1153A9D2565B9C10004881C /* Requests */,
				A1153A9C2565B9B80004881C /* Parsers */,
			);
			path = NetworkCore;
			sourceTree = "<group>";
		};
		A18E473E2534BB480096D1B3 /* GCDUserDataService */ = {
			isa = PBXGroup;
			children = (
				A18E47382534BB330096D1B3 /* GCDUserDataService.swift */,
			);
			path = GCDUserDataService;
			sourceTree = "<group>";
		};
		A18E47402534BB520096D1B3 /* OperationUserDataService */ = {
			isa = PBXGroup;
			children = (
				A18E473B2534BB430096D1B3 /* OperationUserDataService.swift */,
				A1202F88253648A60056BFCE /* SaveUserDataOperation.swift */,
				A1202FCE2537059D0056BFCE /* FetchUserDataOperation.swift */,
			);
			path = OperationUserDataService;
			sourceTree = "<group>";
		};
		A1C7439D251E3872005B5195 /* ConversationsList */ = {
			isa = PBXGroup;
			children = (
				A13A4571255EA01D007609A7 /* AdditionalUI */,
				A10A8884251F3C76006B3017 /* Cell */,
				A13A4552255DF639007609A7 /* ConversationsInteractor.swift */,
				A1C7439A251E386B005B5195 /* ConversationsViewController.swift */,
			);
			path = ConversationsList;
			sourceTree = "<group>";
		};
		A1DE22C625484522008F05FA /* Entities */ = {
			isa = PBXGroup;
			children = (
				A169F0C725573A6C001F0EDB /* Managed.swift */,
				A137AD05254869B700E50037 /* ChannelDB.swift */,
				A137AD07254869B700E50037 /* MessageDB.swift */,
				A1DE22C225484519008F05FA /* Chat.xcdatamodeld */,
			);
			path = Entities;
			sourceTree = "<group>";
		};
		A1F1F46725363139002388AB /* UserDataService */ = {
			isa = PBXGroup;
			children = (
				A1AF2222255F394700F98541 /* UserDataServiceProtocol.swift */,
				A18E473E2534BB480096D1B3 /* GCDUserDataService */,
				A18E47402534BB520096D1B3 /* OperationUserDataService */,
			);
			path = UserDataService;
			sourceTree = "<group>";
		};
/* End PBXGroup section */

/* Begin PBXNativeTarget section */
		A1475858250F5FA2004DFCAA /* FintechApp */ = {
			isa = PBXNativeTarget;
			buildConfigurationList = A147586D250F5FA3004DFCAA /* Build configuration list for PBXNativeTarget "FintechApp" */;
			buildPhases = (
				CEB89AC263E1C6B2886306CC /* [CP] Check Pods Manifest.lock */,
				A1475855250F5FA2004DFCAA /* Sources */,
				A1475856250F5FA2004DFCAA /* Frameworks */,
				A1475857250F5FA2004DFCAA /* Resources */,
				B7A73C2A219ECE60FAF75D88 /* [CP] Embed Pods Frameworks */,
				A1A42F39253B90E10048356E /* SwiftLint */,
			);
			buildRules = (
			);
			dependencies = (
			);
			name = FintechApp;
			productName = FintechApp;
			productReference = A1475859250F5FA2004DFCAA /* FintechApp.app */;
			productType = "com.apple.product-type.application";
		};
/* End PBXNativeTarget section */

/* Begin PBXProject section */
		A1475851250F5FA2004DFCAA /* Project object */ = {
			isa = PBXProject;
			attributes = {
				LastSwiftUpdateCheck = 1170;
				LastUpgradeCheck = 1200;
				ORGANIZATIONNAME = "Рудольф О";
				TargetAttributes = {
					A1475858250F5FA2004DFCAA = {
						CreatedOnToolsVersion = 11.7;
					};
				};
			};
			buildConfigurationList = A1475854250F5FA2004DFCAA /* Build configuration list for PBXProject "FintechApp" */;
			compatibilityVersion = "Xcode 9.3";
			developmentRegion = en;
			hasScannedForEncodings = 0;
			knownRegions = (
				en,
				Base,
			);
			mainGroup = A1475850250F5FA2004DFCAA;
			productRefGroup = A147585A250F5FA2004DFCAA /* Products */;
			projectDirPath = "";
			projectRoot = "";
			targets = (
				A1475858250F5FA2004DFCAA /* FintechApp */,
			);
		};
/* End PBXProject section */

/* Begin PBXResourcesBuildPhase section */
		A1475857250F5FA2004DFCAA /* Resources */ = {
			isa = PBXResourcesBuildPhase;
			buildActionMask = 2147483647;
			files = (
				A187D11A253B9391008AAE86 /* .swiftlint.yml in Resources */,
				A1475869250F5FA3004DFCAA /* LaunchScreen.storyboard in Resources */,
				A12320752528C30B005F8249 /* ThemeSettingsViewController.xib in Resources */,
				A1475866250F5FA3004DFCAA /* Assets.xcassets in Resources */,
				A1475874250F6036004DFCAA /* README.md in Resources */,
				A1C743A8251E3ABA005B5195 /* ConversationCell.xib in Resources */,
				A16570852517E6A700C22EAD /* ProfileViewController.xib in Resources */,
				A1CF7B2D2538B5BC00190B95 /* GoogleService-Info.plist in Resources */,
			);
			runOnlyForDeploymentPostprocessing = 0;
		};
/* End PBXResourcesBuildPhase section */

/* Begin PBXShellScriptBuildPhase section */
		A1A42F39253B90E10048356E /* SwiftLint */ = {
			isa = PBXShellScriptBuildPhase;
			buildActionMask = 2147483647;
			files = (
			);
			inputFileListPaths = (
			);
			inputPaths = (
			);
			name = SwiftLint;
			outputFileListPaths = (
			);
			outputPaths = (
			);
			runOnlyForDeploymentPostprocessing = 0;
			shellPath = /bin/sh;
			shellScript = "\"${PODS_ROOT}/SwiftLint/swiftlint\"\n";
		};
		B7A73C2A219ECE60FAF75D88 /* [CP] Embed Pods Frameworks */ = {
			isa = PBXShellScriptBuildPhase;
			buildActionMask = 2147483647;
			files = (
			);
			inputFileListPaths = (
				"${PODS_ROOT}/Target Support Files/Pods-FintechApp/Pods-FintechApp-frameworks-${CONFIGURATION}-input-files.xcfilelist",
			);
			name = "[CP] Embed Pods Frameworks";
			outputFileListPaths = (
				"${PODS_ROOT}/Target Support Files/Pods-FintechApp/Pods-FintechApp-frameworks-${CONFIGURATION}-output-files.xcfilelist",
			);
			runOnlyForDeploymentPostprocessing = 0;
			shellPath = /bin/sh;
			shellScript = "\"${PODS_ROOT}/Target Support Files/Pods-FintechApp/Pods-FintechApp-frameworks.sh\"\n";
			showEnvVarsInLog = 0;
		};
		CEB89AC263E1C6B2886306CC /* [CP] Check Pods Manifest.lock */ = {
			isa = PBXShellScriptBuildPhase;
			buildActionMask = 2147483647;
			files = (
			);
			inputFileListPaths = (
			);
			inputPaths = (
				"${PODS_PODFILE_DIR_PATH}/Podfile.lock",
				"${PODS_ROOT}/Manifest.lock",
			);
			name = "[CP] Check Pods Manifest.lock";
			outputFileListPaths = (
			);
			outputPaths = (
				"$(DERIVED_FILE_DIR)/Pods-FintechApp-checkManifestLockResult.txt",
			);
			runOnlyForDeploymentPostprocessing = 0;
			shellPath = /bin/sh;
			shellScript = "diff \"${PODS_PODFILE_DIR_PATH}/Podfile.lock\" \"${PODS_ROOT}/Manifest.lock\" > /dev/null\nif [ $? != 0 ] ; then\n    # print error to STDERR\n    echo \"error: The sandbox is not in sync with the Podfile.lock. Run 'pod install' or update your CocoaPods installation.\" >&2\n    exit 1\nfi\n# This output is used by Xcode 'outputs' to avoid re-running this script phase.\necho \"SUCCESS\" > \"${SCRIPT_OUTPUT_FILE_0}\"\n";
			showEnvVarsInLog = 0;
		};
/* End PBXShellScriptBuildPhase section */

/* Begin PBXSourcesBuildPhase section */
		A1475855250F5FA2004DFCAA /* Sources */ = {
			isa = PBXSourcesBuildPhase;
			buildActionMask = 2147483647;
			files = (
				A1C0CDB5255DF31C002C1D76 /* ProfileInteractor.swift in Sources */,
				A163597C255DE20B00D1888A /* RootAssembly.swift in Sources */,
				A107A75C2561519800C1CC73 /* WebImageCellModel.swift in Sources */,
				A1DE22C425484519008F05FA /* Chat.xcdatamodeld in Sources */,
				A16570822517600300C22EAD /* UIAlertController+ConstraintsFix.swift in Sources */,
				A163597F255DE31600D1888A /* ServiceAssembly.swift in Sources */,
				A1475861250F5FA2004DFCAA /* ProfileViewController.swift in Sources */,
				A1153AA62565BA740004881C /* ImageSourceParser.swift in Sources */,
				A1153AAD2565BF860004881C /* RequestSenderProtocol.swift in Sources */,
				A1F6B16D255175E900C7E1D2 /* HeaderDateLabel.swift in Sources */,
				A18E47392534BB330096D1B3 /* GCDUserDataService.swift in Sources */,
				A1C743A3251E39BF005B5195 /* ConversationCellModel.swift in Sources */,
				A1C0CDB1255DF139002C1D76 /* ThemeSettingsInteractor.swift in Sources */,
				A10A8880251F3C60006B3017 /* ConversationViewController.swift in Sources */,
				A120301225375EB10056BFCE /* User.swift in Sources */,
				A1202FCC2537049E0056BFCE /* UIViewController+Keyboard.swift in Sources */,
				A139ED93251741A000DA947B /* AvatarImageView.swift in Sources */,
				A123207E2529C845005F8249 /* ThemeService.swift in Sources */,
				A137AD0B254869B700E50037 /* MessageDB.swift in Sources */,
				A1AF2223255F394700F98541 /* UserDataServiceProtocol.swift in Sources */,
				A1202F89253648A60056BFCE /* SaveUserDataOperation.swift in Sources */,
				A169F0C825573A6C001F0EDB /* Managed.swift in Sources */,
				A18A6865253EF9B400E1B4D7 /* FirebaseExtensions.swift in Sources */,
				A1153AB12565C0730004881C /* RequestSender.swift in Sources */,
				A107A74525605D6600C1CC73 /* WebImagesService.swift in Sources */,
				A10A887D251F30CC006B3017 /* UIColor+Random.swift in Sources */,
				A128E913253C81D0000ED358 /* InputAccessoryContainerView.swift in Sources */,
				A137AD09254869B700E50037 /* ChannelDB.swift in Sources */,
				A11D45542548416A00A25815 /* CoreDataService.swift in Sources */,
				A1F6B1702551769A00C7E1D2 /* ConversationDateHeader.swift in Sources */,
				A10A8894251F6238006B3017 /* MessageCellModel.swift in Sources */,
				A1761CBD255F375900BDFF14 /* UserDataCore.swift in Sources */,
				A1475871250F5FEA004DFCAA /* Logger.swift in Sources */,
				A13A4553255DF639007609A7 /* ConversationsInteractor.swift in Sources */,
				A169F0DD255961A9001F0EDB /* TextViewWithPlaceholder.swift in Sources */,
				A1C743A7251E3ABA005B5195 /* ConversationCell.swift in Sources */,
				A16D5B202569C78200C48F78 /* WigglingAnimation.swift in Sources */,
				A1153AB42565C8B60004881C /* RequestsFactory.swift in Sources */,
				A10A883C251E8BF8006B3017 /* OnlineBadgeView.swift in Sources */,
				A1FADAE02550B8DE00B230BD /* FirestoreUpdate.swift in Sources */,
				A16D5B25256B079900C48F78 /* ProfileTransition.swift in Sources */,
				A187D126253C5230008AAE86 /* Channel.swift in Sources */,
				A187D11D253C4AD4008AAE86 /* FirebaseService.swift in Sources */,
				A147585D250F5FA2004DFCAA /* AppDelegate.swift in Sources */,
				A13A4558255DFA11007609A7 /* ConversationInteractor.swift in Sources */,
				A12320862529CB87005F8249 /* Theme.swift in Sources */,
				A18E47432534C4BA0096D1B3 /* UIViewController+Alert.swift in Sources */,
				A164F9A8255ECEBC00C7A56F /* FetchedResultsControllerDelegate.swift in Sources */,
				A1153A962565AF290004881C /* Types.swift in Sources */,
				A12320742528C30B005F8249 /* ThemeSettingsViewController.swift in Sources */,
				A1153AA32565BA050004881C /* ParserProtocol.swift in Sources */,
				A10A8889251F3CC2006B3017 /* MessageCell.swift in Sources */,
				A195969C256404760099867E /* UIView+AddSubview.swift in Sources */,
				A1153AA92565BC230004881C /* ImageSourceRequest.swift in Sources */,
				A1635973255DE0E700D1888A /* PresentationAssembly.swift in Sources */,
				A107A74C2560778800C1CC73 /* WebImagesViewController.swift in Sources */,
				A1202FCF2537059D0056BFCE /* FetchUserDataOperation.swift in Sources */,
				A1153A9F2565B9F90004881C /* RequestProtocol.swift in Sources */,
				A18E473C2534BB430096D1B3 /* OperationUserDataService.swift in Sources */,
				A107A75F2561BB8800C1CC73 /* WebImageView.swift in Sources */,
				A128E906253C719C000ED358 /* Message.swift in Sources */,
				A1635985255DE37400D1888A /* CoreAssembly.swift in Sources */,
				A1C7439B251E386B005B5195 /* ConversationsViewController.swift in Sources */,
				A107A75525607D3D00C1CC73 /* WebImageCell.swift in Sources */,
				A1C743AB251E3C6B005B5195 /* ConvenientCell.swift in Sources */,
				A107A750256077C500C1CC73 /* WebImagesInteractor.swift in Sources */,
			);
			runOnlyForDeploymentPostprocessing = 0;
		};
/* End PBXSourcesBuildPhase section */

/* Begin PBXVariantGroup section */
		A1475867250F5FA3004DFCAA /* LaunchScreen.storyboard */ = {
			isa = PBXVariantGroup;
			children = (
				A1475868250F5FA3004DFCAA /* Base */,
			);
			name = LaunchScreen.storyboard;
			sourceTree = "<group>";
		};
/* End PBXVariantGroup section */

/* Begin XCBuildConfiguration section */
		A147586B250F5FA3004DFCAA /* Debug */ = {
			isa = XCBuildConfiguration;
			buildSettings = {
				ALWAYS_SEARCH_USER_PATHS = NO;
				CLANG_ANALYZER_NONNULL = YES;
				CLANG_ANALYZER_NUMBER_OBJECT_CONVERSION = YES_AGGRESSIVE;
				CLANG_CXX_LANGUAGE_STANDARD = "gnu++14";
				CLANG_CXX_LIBRARY = "libc++";
				CLANG_ENABLE_MODULES = YES;
				CLANG_ENABLE_OBJC_ARC = YES;
				CLANG_ENABLE_OBJC_WEAK = YES;
				CLANG_WARN_BLOCK_CAPTURE_AUTORELEASING = YES;
				CLANG_WARN_BOOL_CONVERSION = YES;
				CLANG_WARN_COMMA = YES;
				CLANG_WARN_CONSTANT_CONVERSION = YES;
				CLANG_WARN_DEPRECATED_OBJC_IMPLEMENTATIONS = YES;
				CLANG_WARN_DIRECT_OBJC_ISA_USAGE = YES_ERROR;
				CLANG_WARN_DOCUMENTATION_COMMENTS = YES;
				CLANG_WARN_EMPTY_BODY = YES;
				CLANG_WARN_ENUM_CONVERSION = YES;
				CLANG_WARN_INFINITE_RECURSION = YES;
				CLANG_WARN_INT_CONVERSION = YES;
				CLANG_WARN_NON_LITERAL_NULL_CONVERSION = YES;
				CLANG_WARN_OBJC_IMPLICIT_RETAIN_SELF = YES;
				CLANG_WARN_OBJC_LITERAL_CONVERSION = YES;
				CLANG_WARN_OBJC_ROOT_CLASS = YES_ERROR;
				CLANG_WARN_QUOTED_INCLUDE_IN_FRAMEWORK_HEADER = YES;
				CLANG_WARN_RANGE_LOOP_ANALYSIS = YES;
				CLANG_WARN_STRICT_PROTOTYPES = YES;
				CLANG_WARN_SUSPICIOUS_MOVE = YES;
				CLANG_WARN_UNGUARDED_AVAILABILITY = YES_AGGRESSIVE;
				CLANG_WARN_UNREACHABLE_CODE = YES;
				CLANG_WARN__DUPLICATE_METHOD_MATCH = YES;
				COPY_PHASE_STRIP = NO;
				DEBUG_INFORMATION_FORMAT = dwarf;
				ENABLE_STRICT_OBJC_MSGSEND = YES;
				ENABLE_TESTABILITY = YES;
				GCC_C_LANGUAGE_STANDARD = gnu11;
				GCC_DYNAMIC_NO_PIC = NO;
				GCC_NO_COMMON_BLOCKS = YES;
				GCC_OPTIMIZATION_LEVEL = 0;
				GCC_PREPROCESSOR_DEFINITIONS = (
					"DEBUG=1",
					"$(inherited)",
				);
				GCC_WARN_64_TO_32_BIT_CONVERSION = YES;
				GCC_WARN_ABOUT_RETURN_TYPE = YES_ERROR;
				GCC_WARN_UNDECLARED_SELECTOR = YES;
				GCC_WARN_UNINITIALIZED_AUTOS = YES_AGGRESSIVE;
				GCC_WARN_UNUSED_FUNCTION = YES;
				GCC_WARN_UNUSED_VARIABLE = YES;
				IPHONEOS_DEPLOYMENT_TARGET = 12.0;
				MTL_ENABLE_DEBUG_INFO = INCLUDE_SOURCE;
				MTL_FAST_MATH = YES;
				ONLY_ACTIVE_ARCH = YES;
				SDKROOT = iphoneos;
				SWIFT_ACTIVE_COMPILATION_CONDITIONS = DEBUG;
				SWIFT_OPTIMIZATION_LEVEL = "-Onone";
			};
			name = Debug;
		};
		A147586C250F5FA3004DFCAA /* Release */ = {
			isa = XCBuildConfiguration;
			buildSettings = {
				ALWAYS_SEARCH_USER_PATHS = NO;
				CLANG_ANALYZER_NONNULL = YES;
				CLANG_ANALYZER_NUMBER_OBJECT_CONVERSION = YES_AGGRESSIVE;
				CLANG_CXX_LANGUAGE_STANDARD = "gnu++14";
				CLANG_CXX_LIBRARY = "libc++";
				CLANG_ENABLE_MODULES = YES;
				CLANG_ENABLE_OBJC_ARC = YES;
				CLANG_ENABLE_OBJC_WEAK = YES;
				CLANG_WARN_BLOCK_CAPTURE_AUTORELEASING = YES;
				CLANG_WARN_BOOL_CONVERSION = YES;
				CLANG_WARN_COMMA = YES;
				CLANG_WARN_CONSTANT_CONVERSION = YES;
				CLANG_WARN_DEPRECATED_OBJC_IMPLEMENTATIONS = YES;
				CLANG_WARN_DIRECT_OBJC_ISA_USAGE = YES_ERROR;
				CLANG_WARN_DOCUMENTATION_COMMENTS = YES;
				CLANG_WARN_EMPTY_BODY = YES;
				CLANG_WARN_ENUM_CONVERSION = YES;
				CLANG_WARN_INFINITE_RECURSION = YES;
				CLANG_WARN_INT_CONVERSION = YES;
				CLANG_WARN_NON_LITERAL_NULL_CONVERSION = YES;
				CLANG_WARN_OBJC_IMPLICIT_RETAIN_SELF = YES;
				CLANG_WARN_OBJC_LITERAL_CONVERSION = YES;
				CLANG_WARN_OBJC_ROOT_CLASS = YES_ERROR;
				CLANG_WARN_QUOTED_INCLUDE_IN_FRAMEWORK_HEADER = YES;
				CLANG_WARN_RANGE_LOOP_ANALYSIS = YES;
				CLANG_WARN_STRICT_PROTOTYPES = YES;
				CLANG_WARN_SUSPICIOUS_MOVE = YES;
				CLANG_WARN_UNGUARDED_AVAILABILITY = YES_AGGRESSIVE;
				CLANG_WARN_UNREACHABLE_CODE = YES;
				CLANG_WARN__DUPLICATE_METHOD_MATCH = YES;
				COPY_PHASE_STRIP = NO;
				DEBUG_INFORMATION_FORMAT = "dwarf-with-dsym";
				ENABLE_NS_ASSERTIONS = NO;
				ENABLE_STRICT_OBJC_MSGSEND = YES;
				GCC_C_LANGUAGE_STANDARD = gnu11;
				GCC_NO_COMMON_BLOCKS = YES;
				GCC_WARN_64_TO_32_BIT_CONVERSION = YES;
				GCC_WARN_ABOUT_RETURN_TYPE = YES_ERROR;
				GCC_WARN_UNDECLARED_SELECTOR = YES;
				GCC_WARN_UNINITIALIZED_AUTOS = YES_AGGRESSIVE;
				GCC_WARN_UNUSED_FUNCTION = YES;
				GCC_WARN_UNUSED_VARIABLE = YES;
				IPHONEOS_DEPLOYMENT_TARGET = 12.0;
				MTL_ENABLE_DEBUG_INFO = NO;
				MTL_FAST_MATH = YES;
				SDKROOT = iphoneos;
				SWIFT_COMPILATION_MODE = wholemodule;
				SWIFT_OPTIMIZATION_LEVEL = "-O";
				VALIDATE_PRODUCT = YES;
			};
			name = Release;
		};
		A147586E250F5FA3004DFCAA /* Debug */ = {
			isa = XCBuildConfiguration;
			baseConfigurationReference = 514E5A995CD6C9BABDE5FB16 /* Pods-FintechApp.debug.xcconfig */;
			buildSettings = {
				ASSETCATALOG_COMPILER_APPICON_NAME = AppIcon;
				CODE_SIGN_STYLE = Automatic;
				DEVELOPMENT_TEAM = 226833GSKB;
				INFOPLIST_FILE = FintechApp/Info.plist;
				LD_RUNPATH_SEARCH_PATHS = (
					"$(inherited)",
					"@executable_path/Frameworks",
				);
				PRODUCT_BUNDLE_IDENTIFIER = ru.tinkoff.TinkoffChat;
				PRODUCT_NAME = "$(TARGET_NAME)";
				SWIFT_VERSION = 5.0;
				TARGETED_DEVICE_FAMILY = 1;
			};
			name = Debug;
		};
		A147586F250F5FA3004DFCAA /* Release */ = {
			isa = XCBuildConfiguration;
			baseConfigurationReference = 9D62D48067EC9199756A663E /* Pods-FintechApp.release.xcconfig */;
			buildSettings = {
				ASSETCATALOG_COMPILER_APPICON_NAME = AppIcon;
				CODE_SIGN_STYLE = Automatic;
				DEVELOPMENT_TEAM = 226833GSKB;
				INFOPLIST_FILE = FintechApp/Info.plist;
				LD_RUNPATH_SEARCH_PATHS = (
					"$(inherited)",
					"@executable_path/Frameworks",
				);
				PRODUCT_BUNDLE_IDENTIFIER = ru.tinkoff.TinkoffChat;
				PRODUCT_NAME = "$(TARGET_NAME)";
				SWIFT_VERSION = 5.0;
				TARGETED_DEVICE_FAMILY = 1;
			};
			name = Release;
		};
/* End XCBuildConfiguration section */

/* Begin XCConfigurationList section */
		A1475854250F5FA2004DFCAA /* Build configuration list for PBXProject "FintechApp" */ = {
			isa = XCConfigurationList;
			buildConfigurations = (
				A147586B250F5FA3004DFCAA /* Debug */,
				A147586C250F5FA3004DFCAA /* Release */,
			);
			defaultConfigurationIsVisible = 0;
			defaultConfigurationName = Release;
		};
		A147586D250F5FA3004DFCAA /* Build configuration list for PBXNativeTarget "FintechApp" */ = {
			isa = XCConfigurationList;
			buildConfigurations = (
				A147586E250F5FA3004DFCAA /* Debug */,
				A147586F250F5FA3004DFCAA /* Release */,
			);
			defaultConfigurationIsVisible = 0;
			defaultConfigurationName = Release;
		};
/* End XCConfigurationList section */

/* Begin XCVersionGroup section */
		A1DE22C225484519008F05FA /* Chat.xcdatamodeld */ = {
			isa = XCVersionGroup;
			children = (
				A1DE22C325484519008F05FA /* Chat.xcdatamodel */,
			);
			currentVersion = A1DE22C325484519008F05FA /* Chat.xcdatamodel */;
			path = Chat.xcdatamodeld;
			sourceTree = "<group>";
			versionGroupType = wrapper.xcdatamodel;
		};
/* End XCVersionGroup section */
	};
	rootObject = A1475851250F5FA2004DFCAA /* Project object */;
}
