// !$*UTF8*$!
{
	archiveVersion = 1;
	classes = {
	};
	objectVersion = 51;
	objects = {

/* Begin PBXBuildFile section */
		A10A883C251E8BF8006B3017 /* OnlineBadgeView.swift in Sources */ = {isa = PBXBuildFile; fileRef = A10A883B251E8BF8006B3017 /* OnlineBadgeView.swift */; };
		A10A887D251F30CC006B3017 /* UIColor+Random.swift in Sources */ = {isa = PBXBuildFile; fileRef = A10A887C251F30CC006B3017 /* UIColor+Random.swift */; };
		A10A8880251F3C60006B3017 /* ConversationViewController.swift in Sources */ = {isa = PBXBuildFile; fileRef = A10A887F251F3C60006B3017 /* ConversationViewController.swift */; };
		A10A8889251F3CC2006B3017 /* MessageCell.swift in Sources */ = {isa = PBXBuildFile; fileRef = A10A8887251F3CC2006B3017 /* MessageCell.swift */; };
		A10A8891251F58C6006B3017 /* Constants.swift in Sources */ = {isa = PBXBuildFile; fileRef = A10A8890251F58C6006B3017 /* Constants.swift */; };
		A10A8894251F6238006B3017 /* MessageCellModel.swift in Sources */ = {isa = PBXBuildFile; fileRef = A10A8893251F6238006B3017 /* MessageCellModel.swift */; };
		A1202F89253648A60056BFCE /* SaveUserDataOperation.swift in Sources */ = {isa = PBXBuildFile; fileRef = A1202F88253648A60056BFCE /* SaveUserDataOperation.swift */; };
		A1202FCC2537049E0056BFCE /* UIViewController+Keyboard.swift in Sources */ = {isa = PBXBuildFile; fileRef = A1202FCB2537049E0056BFCE /* UIViewController+Keyboard.swift */; };
		A1202FCF2537059D0056BFCE /* FetchUserDataOperation.swift in Sources */ = {isa = PBXBuildFile; fileRef = A1202FCE2537059D0056BFCE /* FetchUserDataOperation.swift */; };
		A120301225375EB10056BFCE /* User.swift in Sources */ = {isa = PBXBuildFile; fileRef = A120301125375EB10056BFCE /* User.swift */; };
		A12320742528C30B005F8249 /* ThemeSettingsViewController.swift in Sources */ = {isa = PBXBuildFile; fileRef = A12320722528C30B005F8249 /* ThemeSettingsViewController.swift */; };
		A12320752528C30B005F8249 /* ThemeSettingsViewController.xib in Resources */ = {isa = PBXBuildFile; fileRef = A12320732528C30B005F8249 /* ThemeSettingsViewController.xib */; };
		A123207E2529C845005F8249 /* ThemeManager.swift in Sources */ = {isa = PBXBuildFile; fileRef = A123207D2529C845005F8249 /* ThemeManager.swift */; };
		A12320862529CB87005F8249 /* Theme.swift in Sources */ = {isa = PBXBuildFile; fileRef = A12320852529CB87005F8249 /* Theme.swift */; };
		A128E906253C719C000ED358 /* Message.swift in Sources */ = {isa = PBXBuildFile; fileRef = A128E905253C719C000ED358 /* Message.swift */; };
		A128E913253C81D0000ED358 /* InputAccessoryContainerView.swift in Sources */ = {isa = PBXBuildFile; fileRef = A128E912253C81D0000ED358 /* InputAccessoryContainerView.swift */; };
		A139ED93251741A000DA947B /* AvatarImageView.swift in Sources */ = {isa = PBXBuildFile; fileRef = A139ED92251741A000DA947B /* AvatarImageView.swift */; };
		A147585D250F5FA2004DFCAA /* AppDelegate.swift in Sources */ = {isa = PBXBuildFile; fileRef = A147585C250F5FA2004DFCAA /* AppDelegate.swift */; };
		A1475861250F5FA2004DFCAA /* ProfileViewController.swift in Sources */ = {isa = PBXBuildFile; fileRef = A1475860250F5FA2004DFCAA /* ProfileViewController.swift */; };
		A1475866250F5FA3004DFCAA /* Assets.xcassets in Resources */ = {isa = PBXBuildFile; fileRef = A1475865250F5FA3004DFCAA /* Assets.xcassets */; };
		A1475869250F5FA3004DFCAA /* LaunchScreen.storyboard in Resources */ = {isa = PBXBuildFile; fileRef = A1475867250F5FA3004DFCAA /* LaunchScreen.storyboard */; };
		A1475871250F5FEA004DFCAA /* Logger.swift in Sources */ = {isa = PBXBuildFile; fileRef = A1475870250F5FEA004DFCAA /* Logger.swift */; };
		A1475874250F6036004DFCAA /* README.md in Resources */ = {isa = PBXBuildFile; fileRef = A1475873250F6036004DFCAA /* README.md */; };
		A16570822517600300C22EAD /* UIAlertController+ConstraintsFix.swift in Sources */ = {isa = PBXBuildFile; fileRef = A16570812517600300C22EAD /* UIAlertController+ConstraintsFix.swift */; };
		A16570852517E6A700C22EAD /* ProfileViewController.xib in Resources */ = {isa = PBXBuildFile; fileRef = A16570842517E6A700C22EAD /* ProfileViewController.xib */; };
		A187D11A253B9391008AAE86 /* .swiftlint.yml in Resources */ = {isa = PBXBuildFile; fileRef = A187D119253B9391008AAE86 /* .swiftlint.yml */; };
		A187D11D253C4AD4008AAE86 /* FirebaseManager.swift in Sources */ = {isa = PBXBuildFile; fileRef = A187D11C253C4AD4008AAE86 /* FirebaseManager.swift */; };
		A187D126253C5230008AAE86 /* Channel.swift in Sources */ = {isa = PBXBuildFile; fileRef = A187D125253C5230008AAE86 /* Channel.swift */; };
		A18A6865253EF9B400E1B4D7 /* FirebaseExtensions.swift in Sources */ = {isa = PBXBuildFile; fileRef = A18A6864253EF9B400E1B4D7 /* FirebaseExtensions.swift */; };
		A18E47392534BB330096D1B3 /* GCDDataManager.swift in Sources */ = {isa = PBXBuildFile; fileRef = A18E47382534BB330096D1B3 /* GCDDataManager.swift */; };
		A18E473C2534BB430096D1B3 /* OperationDataManager.swift in Sources */ = {isa = PBXBuildFile; fileRef = A18E473B2534BB430096D1B3 /* OperationDataManager.swift */; };
		A18E47432534C4BA0096D1B3 /* UIViewController+Alert.swift in Sources */ = {isa = PBXBuildFile; fileRef = A18E47422534C4BA0096D1B3 /* UIViewController+Alert.swift */; };
		A1C7439B251E386B005B5195 /* ConversationsListViewController.swift in Sources */ = {isa = PBXBuildFile; fileRef = A1C7439A251E386B005B5195 /* ConversationsListViewController.swift */; };
		A1C743A3251E39BF005B5195 /* ConversationCellModel.swift in Sources */ = {isa = PBXBuildFile; fileRef = A1C743A2251E39BF005B5195 /* ConversationCellModel.swift */; };
		A1C743A7251E3ABA005B5195 /* ConversationCell.swift in Sources */ = {isa = PBXBuildFile; fileRef = A1C743A5251E3ABA005B5195 /* ConversationCell.swift */; };
		A1C743A8251E3ABA005B5195 /* ConversationCell.xib in Resources */ = {isa = PBXBuildFile; fileRef = A1C743A6251E3ABA005B5195 /* ConversationCell.xib */; };
		A1C743AB251E3C6B005B5195 /* UITableViewCell+reuseIdentifier.swift in Sources */ = {isa = PBXBuildFile; fileRef = A1C743AA251E3C6B005B5195 /* UITableViewCell+reuseIdentifier.swift */; };
		A1CF7B2D2538B5BC00190B95 /* GoogleService-Info.plist in Resources */ = {isa = PBXBuildFile; fileRef = A1CF7B2C2538B5BC00190B95 /* GoogleService-Info.plist */; };
		A1F1F4692536318A002388AB /* UserDataStorage.swift in Sources */ = {isa = PBXBuildFile; fileRef = A1F1F4682536318A002388AB /* UserDataStorage.swift */; };
		E13F402D7F8E5D55C174C660 /* Pods_FintechApp.framework in Frameworks */ = {isa = PBXBuildFile; fileRef = 1C7E1EEFBFD98FAA5EFDF703 /* Pods_FintechApp.framework */; };
/* End PBXBuildFile section */

/* Begin PBXFileReference section */
		1C7E1EEFBFD98FAA5EFDF703 /* Pods_FintechApp.framework */ = {isa = PBXFileReference; explicitFileType = wrapper.framework; includeInIndex = 0; path = Pods_FintechApp.framework; sourceTree = BUILT_PRODUCTS_DIR; };
		514E5A995CD6C9BABDE5FB16 /* Pods-FintechApp.debug.xcconfig */ = {isa = PBXFileReference; includeInIndex = 1; lastKnownFileType = text.xcconfig; name = "Pods-FintechApp.debug.xcconfig"; path = "Target Support Files/Pods-FintechApp/Pods-FintechApp.debug.xcconfig"; sourceTree = "<group>"; };
		9D62D48067EC9199756A663E /* Pods-FintechApp.release.xcconfig */ = {isa = PBXFileReference; includeInIndex = 1; lastKnownFileType = text.xcconfig; name = "Pods-FintechApp.release.xcconfig"; path = "Target Support Files/Pods-FintechApp/Pods-FintechApp.release.xcconfig"; sourceTree = "<group>"; };
		A10A883B251E8BF8006B3017 /* OnlineBadgeView.swift */ = {isa = PBXFileReference; lastKnownFileType = sourcecode.swift; path = OnlineBadgeView.swift; sourceTree = "<group>"; };
		A10A887C251F30CC006B3017 /* UIColor+Random.swift */ = {isa = PBXFileReference; lastKnownFileType = sourcecode.swift; path = "UIColor+Random.swift"; sourceTree = "<group>"; };
		A10A887F251F3C60006B3017 /* ConversationViewController.swift */ = {isa = PBXFileReference; lastKnownFileType = sourcecode.swift; path = ConversationViewController.swift; sourceTree = "<group>"; };
		A10A8887251F3CC2006B3017 /* MessageCell.swift */ = {isa = PBXFileReference; lastKnownFileType = sourcecode.swift; path = MessageCell.swift; sourceTree = "<group>"; };
		A10A8890251F58C6006B3017 /* Constants.swift */ = {isa = PBXFileReference; lastKnownFileType = sourcecode.swift; path = Constants.swift; sourceTree = "<group>"; };
		A10A8893251F6238006B3017 /* MessageCellModel.swift */ = {isa = PBXFileReference; lastKnownFileType = sourcecode.swift; path = MessageCellModel.swift; sourceTree = "<group>"; };
		A1202F88253648A60056BFCE /* SaveUserDataOperation.swift */ = {isa = PBXFileReference; lastKnownFileType = sourcecode.swift; path = SaveUserDataOperation.swift; sourceTree = "<group>"; };
		A1202FCB2537049E0056BFCE /* UIViewController+Keyboard.swift */ = {isa = PBXFileReference; lastKnownFileType = sourcecode.swift; path = "UIViewController+Keyboard.swift"; sourceTree = "<group>"; };
		A1202FCE2537059D0056BFCE /* FetchUserDataOperation.swift */ = {isa = PBXFileReference; lastKnownFileType = sourcecode.swift; path = FetchUserDataOperation.swift; sourceTree = "<group>"; };
		A120301125375EB10056BFCE /* User.swift */ = {isa = PBXFileReference; lastKnownFileType = sourcecode.swift; path = User.swift; sourceTree = "<group>"; };
		A12320722528C30B005F8249 /* ThemeSettingsViewController.swift */ = {isa = PBXFileReference; lastKnownFileType = sourcecode.swift; path = ThemeSettingsViewController.swift; sourceTree = "<group>"; };
		A12320732528C30B005F8249 /* ThemeSettingsViewController.xib */ = {isa = PBXFileReference; lastKnownFileType = file.xib; path = ThemeSettingsViewController.xib; sourceTree = "<group>"; };
		A123207D2529C845005F8249 /* ThemeManager.swift */ = {isa = PBXFileReference; lastKnownFileType = sourcecode.swift; path = ThemeManager.swift; sourceTree = "<group>"; };
		A12320852529CB87005F8249 /* Theme.swift */ = {isa = PBXFileReference; lastKnownFileType = sourcecode.swift; path = Theme.swift; sourceTree = "<group>"; };
		A128E905253C719C000ED358 /* Message.swift */ = {isa = PBXFileReference; lastKnownFileType = sourcecode.swift; path = Message.swift; sourceTree = "<group>"; };
		A128E912253C81D0000ED358 /* InputAccessoryContainerView.swift */ = {isa = PBXFileReference; lastKnownFileType = sourcecode.swift; path = InputAccessoryContainerView.swift; sourceTree = "<group>"; };
		A139ED92251741A000DA947B /* AvatarImageView.swift */ = {isa = PBXFileReference; lastKnownFileType = sourcecode.swift; path = AvatarImageView.swift; sourceTree = "<group>"; };
		A1475859250F5FA2004DFCAA /* FintechApp.app */ = {isa = PBXFileReference; explicitFileType = wrapper.application; includeInIndex = 0; path = FintechApp.app; sourceTree = BUILT_PRODUCTS_DIR; };
		A147585C250F5FA2004DFCAA /* AppDelegate.swift */ = {isa = PBXFileReference; lastKnownFileType = sourcecode.swift; path = AppDelegate.swift; sourceTree = "<group>"; };
		A1475860250F5FA2004DFCAA /* ProfileViewController.swift */ = {isa = PBXFileReference; lastKnownFileType = sourcecode.swift; path = ProfileViewController.swift; sourceTree = "<group>"; };
		A1475865250F5FA3004DFCAA /* Assets.xcassets */ = {isa = PBXFileReference; lastKnownFileType = folder.assetcatalog; path = Assets.xcassets; sourceTree = "<group>"; };
		A1475868250F5FA3004DFCAA /* Base */ = {isa = PBXFileReference; lastKnownFileType = file.storyboard; name = Base; path = Base.lproj/LaunchScreen.storyboard; sourceTree = "<group>"; };
		A147586A250F5FA3004DFCAA /* Info.plist */ = {isa = PBXFileReference; lastKnownFileType = text.plist.xml; path = Info.plist; sourceTree = "<group>"; };
		A1475870250F5FEA004DFCAA /* Logger.swift */ = {isa = PBXFileReference; lastKnownFileType = sourcecode.swift; path = Logger.swift; sourceTree = "<group>"; };
		A1475873250F6036004DFCAA /* README.md */ = {isa = PBXFileReference; fileEncoding = 4; lastKnownFileType = net.daringfireball.markdown; path = README.md; sourceTree = "<group>"; };
		A16570812517600300C22EAD /* UIAlertController+ConstraintsFix.swift */ = {isa = PBXFileReference; lastKnownFileType = sourcecode.swift; path = "UIAlertController+ConstraintsFix.swift"; sourceTree = "<group>"; };
		A16570842517E6A700C22EAD /* ProfileViewController.xib */ = {isa = PBXFileReference; lastKnownFileType = file.xib; path = ProfileViewController.xib; sourceTree = "<group>"; };
		A187D119253B9391008AAE86 /* .swiftlint.yml */ = {isa = PBXFileReference; fileEncoding = 4; lastKnownFileType = text.yaml; path = .swiftlint.yml; sourceTree = "<group>"; };
		A187D11C253C4AD4008AAE86 /* FirebaseManager.swift */ = {isa = PBXFileReference; lastKnownFileType = sourcecode.swift; path = FirebaseManager.swift; sourceTree = "<group>"; };
		A187D125253C5230008AAE86 /* Channel.swift */ = {isa = PBXFileReference; lastKnownFileType = sourcecode.swift; path = Channel.swift; sourceTree = "<group>"; };
		A18A6864253EF9B400E1B4D7 /* FirebaseExtensions.swift */ = {isa = PBXFileReference; lastKnownFileType = sourcecode.swift; path = FirebaseExtensions.swift; sourceTree = "<group>"; };
		A18E47382534BB330096D1B3 /* GCDDataManager.swift */ = {isa = PBXFileReference; lastKnownFileType = sourcecode.swift; path = GCDDataManager.swift; sourceTree = "<group>"; };
		A18E473B2534BB430096D1B3 /* OperationDataManager.swift */ = {isa = PBXFileReference; lastKnownFileType = sourcecode.swift; path = OperationDataManager.swift; sourceTree = "<group>"; };
		A18E47422534C4BA0096D1B3 /* UIViewController+Alert.swift */ = {isa = PBXFileReference; lastKnownFileType = sourcecode.swift; path = "UIViewController+Alert.swift"; sourceTree = "<group>"; };
		A1C7439A251E386B005B5195 /* ConversationsListViewController.swift */ = {isa = PBXFileReference; lastKnownFileType = sourcecode.swift; path = ConversationsListViewController.swift; sourceTree = "<group>"; };
		A1C743A2251E39BF005B5195 /* ConversationCellModel.swift */ = {isa = PBXFileReference; lastKnownFileType = sourcecode.swift; path = ConversationCellModel.swift; sourceTree = "<group>"; };
		A1C743A5251E3ABA005B5195 /* ConversationCell.swift */ = {isa = PBXFileReference; lastKnownFileType = sourcecode.swift; path = ConversationCell.swift; sourceTree = "<group>"; };
		A1C743A6251E3ABA005B5195 /* ConversationCell.xib */ = {isa = PBXFileReference; lastKnownFileType = file.xib; path = ConversationCell.xib; sourceTree = "<group>"; };
		A1C743AA251E3C6B005B5195 /* UITableViewCell+reuseIdentifier.swift */ = {isa = PBXFileReference; lastKnownFileType = sourcecode.swift; path = "UITableViewCell+reuseIdentifier.swift"; sourceTree = "<group>"; };
		A1CF7B2C2538B5BC00190B95 /* GoogleService-Info.plist */ = {isa = PBXFileReference; fileEncoding = 4; lastKnownFileType = text.plist.xml; path = "GoogleService-Info.plist"; sourceTree = "<group>"; };
		A1F1F4682536318A002388AB /* UserDataStorage.swift */ = {isa = PBXFileReference; lastKnownFileType = sourcecode.swift; path = UserDataStorage.swift; sourceTree = "<group>"; };
/* End PBXFileReference section */

/* Begin PBXFrameworksBuildPhase section */
		A1475856250F5FA2004DFCAA /* Frameworks */ = {
			isa = PBXFrameworksBuildPhase;
			buildActionMask = 2147483647;
			files = (
				E13F402D7F8E5D55C174C660 /* Pods_FintechApp.framework in Frameworks */,
			);
			runOnlyForDeploymentPostprocessing = 0;
		};
/* End PBXFrameworksBuildPhase section */

/* Begin PBXGroup section */
		4A67DF2E7D9804E20C36FFB3 /* Pods */ = {
			isa = PBXGroup;
			children = (
				514E5A995CD6C9BABDE5FB16 /* Pods-FintechApp.debug.xcconfig */,
				9D62D48067EC9199756A663E /* Pods-FintechApp.release.xcconfig */,
			);
			path = Pods;
			sourceTree = "<group>";
		};
		7A858F756CB69CDF27A7A384 /* Frameworks */ = {
			isa = PBXGroup;
			children = (
				1C7E1EEFBFD98FAA5EFDF703 /* Pods_FintechApp.framework */,
			);
			name = Frameworks;
			sourceTree = "<group>";
		};
		A10A8882251F3C65006B3017 /* Conversation */ = {
			isa = PBXGroup;
			children = (
				A128E918253C8200000ED358 /* AdditionalUI */,
				A10A888C251F3CCF006B3017 /* Cell */,
				A10A887F251F3C60006B3017 /* ConversationViewController.swift */,
			);
			path = Conversation;
			sourceTree = "<group>";
		};
		A10A8884251F3C76006B3017 /* Cell */ = {
			isa = PBXGroup;
			children = (
				A1C743A5251E3ABA005B5195 /* ConversationCell.swift */,
				A1C743A6251E3ABA005B5195 /* ConversationCell.xib */,
				A1C743A2251E39BF005B5195 /* ConversationCellModel.swift */,
			);
			path = Cell;
			sourceTree = "<group>";
		};
		A10A888C251F3CCF006B3017 /* Cell */ = {
			isa = PBXGroup;
			children = (
				A10A8887251F3CC2006B3017 /* MessageCell.swift */,
				A10A8893251F6238006B3017 /* MessageCellModel.swift */,
			);
			path = Cell;
			sourceTree = "<group>";
		};
		A12320772528C313005F8249 /* ThemeSettings */ = {
			isa = PBXGroup;
			children = (
				A12320722528C30B005F8249 /* ThemeSettingsViewController.swift */,
				A12320732528C30B005F8249 /* ThemeSettingsViewController.xib */,
			);
			path = ThemeSettings;
			sourceTree = "<group>";
		};
		A12320802529C84B005F8249 /* Managers */ = {
			isa = PBXGroup;
			children = (
				A12320842529CB7B005F8249 /* ThemeManager */,
				A1F1F46725363139002388AB /* UserDataManagers */,
				A187D11F253C4AD8008AAE86 /* NetworkManagers */,
			);
			path = Managers;
			sourceTree = "<group>";
		};
		A12320842529CB7B005F8249 /* ThemeManager */ = {
			isa = PBXGroup;
			children = (
				A123207D2529C845005F8249 /* ThemeManager.swift */,
				A12320852529CB87005F8249 /* Theme.swift */,
			);
			path = ThemeManager;
			sourceTree = "<group>";
		};
		A128E903253C718D000ED358 /* Entities */ = {
			isa = PBXGroup;
			children = (
				A187D125253C5230008AAE86 /* Channel.swift */,
				A128E905253C719C000ED358 /* Message.swift */,
			);
			path = Entities;
			sourceTree = "<group>";
		};
		A128E918253C8200000ED358 /* AdditionalUI */ = {
			isa = PBXGroup;
			children = (
				A128E912253C81D0000ED358 /* InputAccessoryContainerView.swift */,
			);
			path = AdditionalUI;
			sourceTree = "<group>";
		};
		A139ED912517416600DA947B /* ViewControllers */ = {
			isa = PBXGroup;
			children = (
				A16570862517EC0E00C22EAD /* ProfileViewController */,
				A1C7439D251E3872005B5195 /* ConversationsList */,
				A10A8882251F3C65006B3017 /* Conversation */,
				A12320772528C313005F8249 /* ThemeSettings */,
			);
			path = ViewControllers;
			sourceTree = "<group>";
		};
		A139ED94251741A900DA947B /* Views */ = {
			isa = PBXGroup;
			children = (
				A139ED92251741A000DA947B /* AvatarImageView.swift */,
				A10A883B251E8BF8006B3017 /* OnlineBadgeView.swift */,
			);
			path = Views;
			sourceTree = "<group>";
		};
		A1475850250F5FA2004DFCAA = {
			isa = PBXGroup;
			children = (
				A1475873250F6036004DFCAA /* README.md */,
				A187D119253B9391008AAE86 /* .swiftlint.yml */,
				A147585B250F5FA2004DFCAA /* FintechApp */,
				A147585A250F5FA2004DFCAA /* Products */,
				4A67DF2E7D9804E20C36FFB3 /* Pods */,
				7A858F756CB69CDF27A7A384 /* Frameworks */,
			);
			sourceTree = "<group>";
		};
		A147585A250F5FA2004DFCAA /* Products */ = {
			isa = PBXGroup;
			children = (
				A1475859250F5FA2004DFCAA /* FintechApp.app */,
			);
			name = Products;
			sourceTree = "<group>";
		};
		A147585B250F5FA2004DFCAA /* FintechApp */ = {
			isa = PBXGroup;
			children = (
				A147585C250F5FA2004DFCAA /* AppDelegate.swift */,
				A139ED912517416600DA947B /* ViewControllers */,
				A139ED94251741A900DA947B /* Views */,
				A12320802529C84B005F8249 /* Managers */,
				A1475872250F6000004DFCAA /* Utilities */,
				A1475865250F5FA3004DFCAA /* Assets.xcassets */,
				A1475867250F5FA3004DFCAA /* LaunchScreen.storyboard */,
				A1CF7B2C2538B5BC00190B95 /* GoogleService-Info.plist */,
				A147586A250F5FA3004DFCAA /* Info.plist */,
			);
			path = FintechApp;
			sourceTree = "<group>";
		};
		A1475872250F6000004DFCAA /* Utilities */ = {
			isa = PBXGroup;
			children = (
				A10A8890251F58C6006B3017 /* Constants.swift */,
				A1475870250F5FEA004DFCAA /* Logger.swift */,
				A16570832517601700C22EAD /* Extensions */,
			);
			path = Utilities;
			sourceTree = "<group>";
		};
		A16570832517601700C22EAD /* Extensions */ = {
			isa = PBXGroup;
			children = (
				A16570812517600300C22EAD /* UIAlertController+ConstraintsFix.swift */,
				A1C743AA251E3C6B005B5195 /* UITableViewCell+reuseIdentifier.swift */,
				A10A887C251F30CC006B3017 /* UIColor+Random.swift */,
				A18E47422534C4BA0096D1B3 /* UIViewController+Alert.swift */,
				A1202FCB2537049E0056BFCE /* UIViewController+Keyboard.swift */,
			);
			path = Extensions;
			sourceTree = "<group>";
		};
		A16570862517EC0E00C22EAD /* ProfileViewController */ = {
			isa = PBXGroup;
			children = (
				A1475860250F5FA2004DFCAA /* ProfileViewController.swift */,
				A16570842517E6A700C22EAD /* ProfileViewController.xib */,
			);
			path = ProfileViewController;
			sourceTree = "<group>";
		};
		A187D11F253C4AD8008AAE86 /* NetworkManagers */ = {
			isa = PBXGroup;
			children = (
				A187D123253C4AFD008AAE86 /* Firebase */,
			);
			path = NetworkManagers;
			sourceTree = "<group>";
		};
		A187D123253C4AFD008AAE86 /* Firebase */ = {
			isa = PBXGroup;
			children = (
				A128E903253C718D000ED358 /* Entities */,
				A187D11C253C4AD4008AAE86 /* FirebaseManager.swift */,
				A18A6864253EF9B400E1B4D7 /* FirebaseExtensions.swift */,
			);
			path = Firebase;
			sourceTree = "<group>";
		};
		A18E473E2534BB480096D1B3 /* GCDDataManager */ = {
			isa = PBXGroup;
			children = (
				A18E47382534BB330096D1B3 /* GCDDataManager.swift */,
			);
			path = GCDDataManager;
			sourceTree = "<group>";
		};
		A18E47402534BB520096D1B3 /* OperationDataManager */ = {
			isa = PBXGroup;
			children = (
				A18E473B2534BB430096D1B3 /* OperationDataManager.swift */,
				A1202F88253648A60056BFCE /* SaveUserDataOperation.swift */,
				A1202FCE2537059D0056BFCE /* FetchUserDataOperation.swift */,
			);
			path = OperationDataManager;
			sourceTree = "<group>";
		};
		A1C7439D251E3872005B5195 /* ConversationsList */ = {
			isa = PBXGroup;
			children = (
				A10A8884251F3C76006B3017 /* Cell */,
				A1C7439A251E386B005B5195 /* ConversationsListViewController.swift */,
			);
			path = ConversationsList;
			sourceTree = "<group>";
		};
		A1F1F46725363139002388AB /* UserDataManagers */ = {
			isa = PBXGroup;
			children = (
				A18E473E2534BB480096D1B3 /* GCDDataManager */,
				A18E47402534BB520096D1B3 /* OperationDataManager */,
				A1F1F4682536318A002388AB /* UserDataStorage.swift */,
				A120301125375EB10056BFCE /* User.swift */,
			);
			path = UserDataManagers;
			sourceTree = "<group>";
		};
/* End PBXGroup section */

/* Begin PBXNativeTarget section */
		A1475858250F5FA2004DFCAA /* FintechApp */ = {
			isa = PBXNativeTarget;
			buildConfigurationList = A147586D250F5FA3004DFCAA /* Build configuration list for PBXNativeTarget "FintechApp" */;
			buildPhases = (
				CEB89AC263E1C6B2886306CC /* [CP] Check Pods Manifest.lock */,
				A1475855250F5FA2004DFCAA /* Sources */,
				A1475856250F5FA2004DFCAA /* Frameworks */,
				A1475857250F5FA2004DFCAA /* Resources */,
				B7A73C2A219ECE60FAF75D88 /* [CP] Embed Pods Frameworks */,
				A1A42F39253B90E10048356E /* SwiftLint */,
			);
			buildRules = (
			);
			dependencies = (
			);
			name = FintechApp;
			productName = FintechApp;
			productReference = A1475859250F5FA2004DFCAA /* FintechApp.app */;
			productType = "com.apple.product-type.application";
		};
/* End PBXNativeTarget section */

/* Begin PBXProject section */
		A1475851250F5FA2004DFCAA /* Project object */ = {
			isa = PBXProject;
			attributes = {
				LastSwiftUpdateCheck = 1170;
				LastUpgradeCheck = 1200;
				ORGANIZATIONNAME = "Рудольф О";
				TargetAttributes = {
					A1475858250F5FA2004DFCAA = {
						CreatedOnToolsVersion = 11.7;
					};
				};
			};
			buildConfigurationList = A1475854250F5FA2004DFCAA /* Build configuration list for PBXProject "FintechApp" */;
			compatibilityVersion = "Xcode 9.3";
			developmentRegion = en;
			hasScannedForEncodings = 0;
			knownRegions = (
				en,
				Base,
			);
			mainGroup = A1475850250F5FA2004DFCAA;
			productRefGroup = A147585A250F5FA2004DFCAA /* Products */;
			projectDirPath = "";
			projectRoot = "";
			targets = (
				A1475858250F5FA2004DFCAA /* FintechApp */,
			);
		};
/* End PBXProject section */

/* Begin PBXResourcesBuildPhase section */
		A1475857250F5FA2004DFCAA /* Resources */ = {
			isa = PBXResourcesBuildPhase;
			buildActionMask = 2147483647;
			files = (
				A187D11A253B9391008AAE86 /* .swiftlint.yml in Resources */,
				A1475869250F5FA3004DFCAA /* LaunchScreen.storyboard in Resources */,
				A12320752528C30B005F8249 /* ThemeSettingsViewController.xib in Resources */,
				A1475866250F5FA3004DFCAA /* Assets.xcassets in Resources */,
				A1475874250F6036004DFCAA /* README.md in Resources */,
				A1C743A8251E3ABA005B5195 /* ConversationCell.xib in Resources */,
				A16570852517E6A700C22EAD /* ProfileViewController.xib in Resources */,
				A1CF7B2D2538B5BC00190B95 /* GoogleService-Info.plist in Resources */,
			);
			runOnlyForDeploymentPostprocessing = 0;
		};
/* End PBXResourcesBuildPhase section */

/* Begin PBXShellScriptBuildPhase section */
		A1A42F39253B90E10048356E /* SwiftLint */ = {
			isa = PBXShellScriptBuildPhase;
			buildActionMask = 2147483647;
			files = (
			);
			inputFileListPaths = (
			);
			inputPaths = (
			);
			name = SwiftLint;
			outputFileListPaths = (
			);
			outputPaths = (
			);
			runOnlyForDeploymentPostprocessing = 0;
			shellPath = /bin/sh;
			shellScript = "\"${PODS_ROOT}/SwiftLint/swiftlint\"\n";
		};
		B7A73C2A219ECE60FAF75D88 /* [CP] Embed Pods Frameworks */ = {
			isa = PBXShellScriptBuildPhase;
			buildActionMask = 2147483647;
			files = (
			);
			inputFileListPaths = (
				"${PODS_ROOT}/Target Support Files/Pods-FintechApp/Pods-FintechApp-frameworks-${CONFIGURATION}-input-files.xcfilelist",
			);
			name = "[CP] Embed Pods Frameworks";
			outputFileListPaths = (
				"${PODS_ROOT}/Target Support Files/Pods-FintechApp/Pods-FintechApp-frameworks-${CONFIGURATION}-output-files.xcfilelist",
			);
			runOnlyForDeploymentPostprocessing = 0;
			shellPath = /bin/sh;
			shellScript = "\"${PODS_ROOT}/Target Support Files/Pods-FintechApp/Pods-FintechApp-frameworks.sh\"\n";
			showEnvVarsInLog = 0;
		};
		CEB89AC263E1C6B2886306CC /* [CP] Check Pods Manifest.lock */ = {
			isa = PBXShellScriptBuildPhase;
			buildActionMask = 2147483647;
			files = (
			);
			inputFileListPaths = (
			);
			inputPaths = (
				"${PODS_PODFILE_DIR_PATH}/Podfile.lock",
				"${PODS_ROOT}/Manifest.lock",
			);
			name = "[CP] Check Pods Manifest.lock";
			outputFileListPaths = (
			);
			outputPaths = (
				"$(DERIVED_FILE_DIR)/Pods-FintechApp-checkManifestLockResult.txt",
			);
			runOnlyForDeploymentPostprocessing = 0;
			shellPath = /bin/sh;
			shellScript = "diff \"${PODS_PODFILE_DIR_PATH}/Podfile.lock\" \"${PODS_ROOT}/Manifest.lock\" > /dev/null\nif [ $? != 0 ] ; then\n    # print error to STDERR\n    echo \"error: The sandbox is not in sync with the Podfile.lock. Run 'pod install' or update your CocoaPods installation.\" >&2\n    exit 1\nfi\n# This output is used by Xcode 'outputs' to avoid re-running this script phase.\necho \"SUCCESS\" > \"${SCRIPT_OUTPUT_FILE_0}\"\n";
			showEnvVarsInLog = 0;
		};
/* End PBXShellScriptBuildPhase section */

/* Begin PBXSourcesBuildPhase section */
		A1475855250F5FA2004DFCAA /* Sources */ = {
			isa = PBXSourcesBuildPhase;
			buildActionMask = 2147483647;
			files = (
				A16570822517600300C22EAD /* UIAlertController+ConstraintsFix.swift in Sources */,
				A1475861250F5FA2004DFCAA /* ProfileViewController.swift in Sources */,
				A18E47392534BB330096D1B3 /* GCDDataManager.swift in Sources */,
				A1C743A3251E39BF005B5195 /* ConversationCellModel.swift in Sources */,
				A10A8880251F3C60006B3017 /* ConversationViewController.swift in Sources */,
				A120301225375EB10056BFCE /* User.swift in Sources */,
				A1202FCC2537049E0056BFCE /* UIViewController+Keyboard.swift in Sources */,
				A139ED93251741A000DA947B /* AvatarImageView.swift in Sources */,
				A123207E2529C845005F8249 /* ThemeManager.swift in Sources */,
				A1202F89253648A60056BFCE /* SaveUserDataOperation.swift in Sources */,
				A10A8891251F58C6006B3017 /* Constants.swift in Sources */,
				A18A6865253EF9B400E1B4D7 /* FirebaseExtensions.swift in Sources */,
				A10A887D251F30CC006B3017 /* UIColor+Random.swift in Sources */,
				A128E913253C81D0000ED358 /* InputAccessoryContainerView.swift in Sources */,
				A10A8894251F6238006B3017 /* MessageCellModel.swift in Sources */,
				A1475871250F5FEA004DFCAA /* Logger.swift in Sources */,
				A1C743A7251E3ABA005B5195 /* ConversationCell.swift in Sources */,
				A10A883C251E8BF8006B3017 /* OnlineBadgeView.swift in Sources */,
				A187D126253C5230008AAE86 /* Channel.swift in Sources */,
				A187D11D253C4AD4008AAE86 /* FirebaseManager.swift in Sources */,
				A147585D250F5FA2004DFCAA /* AppDelegate.swift in Sources */,
				A12320862529CB87005F8249 /* Theme.swift in Sources */,
				A18E47432534C4BA0096D1B3 /* UIViewController+Alert.swift in Sources */,
				A12320742528C30B005F8249 /* ThemeSettingsViewController.swift in Sources */,
				A10A8889251F3CC2006B3017 /* MessageCell.swift in Sources */,
				A1F1F4692536318A002388AB /* UserDataStorage.swift in Sources */,
				A1202FCF2537059D0056BFCE /* FetchUserDataOperation.swift in Sources */,
				A18E473C2534BB430096D1B3 /* OperationDataManager.swift in Sources */,
				A128E906253C719C000ED358 /* Message.swift in Sources */,
				A1C7439B251E386B005B5195 /* ConversationsListViewController.swift in Sources */,
				A1C743AB251E3C6B005B5195 /* UITableViewCell+reuseIdentifier.swift in Sources */,
			);
			runOnlyForDeploymentPostprocessing = 0;
		};
/* End PBXSourcesBuildPhase section */

/* Begin PBXVariantGroup section */
		A1475867250F5FA3004DFCAA /* LaunchScreen.storyboard */ = {
			isa = PBXVariantGroup;
			children = (
				A1475868250F5FA3004DFCAA /* Base */,
			);
			name = LaunchScreen.storyboard;
			sourceTree = "<group>";
		};
/* End PBXVariantGroup section */

/* Begin XCBuildConfiguration section */
		A147586B250F5FA3004DFCAA /* Debug */ = {
			isa = XCBuildConfiguration;
			buildSettings = {
				ALWAYS_SEARCH_USER_PATHS = NO;
				CLANG_ANALYZER_NONNULL = YES;
				CLANG_ANALYZER_NUMBER_OBJECT_CONVERSION = YES_AGGRESSIVE;
				CLANG_CXX_LANGUAGE_STANDARD = "gnu++14";
				CLANG_CXX_LIBRARY = "libc++";
				CLANG_ENABLE_MODULES = YES;
				CLANG_ENABLE_OBJC_ARC = YES;
				CLANG_ENABLE_OBJC_WEAK = YES;
				CLANG_WARN_BLOCK_CAPTURE_AUTORELEASING = YES;
				CLANG_WARN_BOOL_CONVERSION = YES;
				CLANG_WARN_COMMA = YES;
				CLANG_WARN_CONSTANT_CONVERSION = YES;
				CLANG_WARN_DEPRECATED_OBJC_IMPLEMENTATIONS = YES;
				CLANG_WARN_DIRECT_OBJC_ISA_USAGE = YES_ERROR;
				CLANG_WARN_DOCUMENTATION_COMMENTS = YES;
				CLANG_WARN_EMPTY_BODY = YES;
				CLANG_WARN_ENUM_CONVERSION = YES;
				CLANG_WARN_INFINITE_RECURSION = YES;
				CLANG_WARN_INT_CONVERSION = YES;
				CLANG_WARN_NON_LITERAL_NULL_CONVERSION = YES;
				CLANG_WARN_OBJC_IMPLICIT_RETAIN_SELF = YES;
				CLANG_WARN_OBJC_LITERAL_CONVERSION = YES;
				CLANG_WARN_OBJC_ROOT_CLASS = YES_ERROR;
				CLANG_WARN_QUOTED_INCLUDE_IN_FRAMEWORK_HEADER = YES;
				CLANG_WARN_RANGE_LOOP_ANALYSIS = YES;
				CLANG_WARN_STRICT_PROTOTYPES = YES;
				CLANG_WARN_SUSPICIOUS_MOVE = YES;
				CLANG_WARN_UNGUARDED_AVAILABILITY = YES_AGGRESSIVE;
				CLANG_WARN_UNREACHABLE_CODE = YES;
				CLANG_WARN__DUPLICATE_METHOD_MATCH = YES;
				COPY_PHASE_STRIP = NO;
				DEBUG_INFORMATION_FORMAT = dwarf;
				ENABLE_STRICT_OBJC_MSGSEND = YES;
				ENABLE_TESTABILITY = YES;
				GCC_C_LANGUAGE_STANDARD = gnu11;
				GCC_DYNAMIC_NO_PIC = NO;
				GCC_NO_COMMON_BLOCKS = YES;
				GCC_OPTIMIZATION_LEVEL = 0;
				GCC_PREPROCESSOR_DEFINITIONS = (
					"DEBUG=1",
					"$(inherited)",
				);
				GCC_WARN_64_TO_32_BIT_CONVERSION = YES;
				GCC_WARN_ABOUT_RETURN_TYPE = YES_ERROR;
				GCC_WARN_UNDECLARED_SELECTOR = YES;
				GCC_WARN_UNINITIALIZED_AUTOS = YES_AGGRESSIVE;
				GCC_WARN_UNUSED_FUNCTION = YES;
				GCC_WARN_UNUSED_VARIABLE = YES;
				IPHONEOS_DEPLOYMENT_TARGET = 12.0;
				MTL_ENABLE_DEBUG_INFO = INCLUDE_SOURCE;
				MTL_FAST_MATH = YES;
				ONLY_ACTIVE_ARCH = YES;
				SDKROOT = iphoneos;
				SWIFT_ACTIVE_COMPILATION_CONDITIONS = DEBUG;
				SWIFT_OPTIMIZATION_LEVEL = "-Onone";
			};
			name = Debug;
		};
		A147586C250F5FA3004DFCAA /* Release */ = {
			isa = XCBuildConfiguration;
			buildSettings = {
				ALWAYS_SEARCH_USER_PATHS = NO;
				CLANG_ANALYZER_NONNULL = YES;
				CLANG_ANALYZER_NUMBER_OBJECT_CONVERSION = YES_AGGRESSIVE;
				CLANG_CXX_LANGUAGE_STANDARD = "gnu++14";
				CLANG_CXX_LIBRARY = "libc++";
				CLANG_ENABLE_MODULES = YES;
				CLANG_ENABLE_OBJC_ARC = YES;
				CLANG_ENABLE_OBJC_WEAK = YES;
				CLANG_WARN_BLOCK_CAPTURE_AUTORELEASING = YES;
				CLANG_WARN_BOOL_CONVERSION = YES;
				CLANG_WARN_COMMA = YES;
				CLANG_WARN_CONSTANT_CONVERSION = YES;
				CLANG_WARN_DEPRECATED_OBJC_IMPLEMENTATIONS = YES;
				CLANG_WARN_DIRECT_OBJC_ISA_USAGE = YES_ERROR;
				CLANG_WARN_DOCUMENTATION_COMMENTS = YES;
				CLANG_WARN_EMPTY_BODY = YES;
				CLANG_WARN_ENUM_CONVERSION = YES;
				CLANG_WARN_INFINITE_RECURSION = YES;
				CLANG_WARN_INT_CONVERSION = YES;
				CLANG_WARN_NON_LITERAL_NULL_CONVERSION = YES;
				CLANG_WARN_OBJC_IMPLICIT_RETAIN_SELF = YES;
				CLANG_WARN_OBJC_LITERAL_CONVERSION = YES;
				CLANG_WARN_OBJC_ROOT_CLASS = YES_ERROR;
				CLANG_WARN_QUOTED_INCLUDE_IN_FRAMEWORK_HEADER = YES;
				CLANG_WARN_RANGE_LOOP_ANALYSIS = YES;
				CLANG_WARN_STRICT_PROTOTYPES = YES;
				CLANG_WARN_SUSPICIOUS_MOVE = YES;
				CLANG_WARN_UNGUARDED_AVAILABILITY = YES_AGGRESSIVE;
				CLANG_WARN_UNREACHABLE_CODE = YES;
				CLANG_WARN__DUPLICATE_METHOD_MATCH = YES;
				COPY_PHASE_STRIP = NO;
				DEBUG_INFORMATION_FORMAT = "dwarf-with-dsym";
				ENABLE_NS_ASSERTIONS = NO;
				ENABLE_STRICT_OBJC_MSGSEND = YES;
				GCC_C_LANGUAGE_STANDARD = gnu11;
				GCC_NO_COMMON_BLOCKS = YES;
				GCC_WARN_64_TO_32_BIT_CONVERSION = YES;
				GCC_WARN_ABOUT_RETURN_TYPE = YES_ERROR;
				GCC_WARN_UNDECLARED_SELECTOR = YES;
				GCC_WARN_UNINITIALIZED_AUTOS = YES_AGGRESSIVE;
				GCC_WARN_UNUSED_FUNCTION = YES;
				GCC_WARN_UNUSED_VARIABLE = YES;
				IPHONEOS_DEPLOYMENT_TARGET = 12.0;
				MTL_ENABLE_DEBUG_INFO = NO;
				MTL_FAST_MATH = YES;
				SDKROOT = iphoneos;
				SWIFT_COMPILATION_MODE = wholemodule;
				SWIFT_OPTIMIZATION_LEVEL = "-O";
				VALIDATE_PRODUCT = YES;
			};
			name = Release;
		};
		A147586E250F5FA3004DFCAA /* Debug */ = {
			isa = XCBuildConfiguration;
			baseConfigurationReference = 514E5A995CD6C9BABDE5FB16 /* Pods-FintechApp.debug.xcconfig */;
			buildSettings = {
				ASSETCATALOG_COMPILER_APPICON_NAME = AppIcon;
				CODE_SIGN_STYLE = Automatic;
				DEVELOPMENT_TEAM = 226833GSKB;
				INFOPLIST_FILE = FintechApp/Info.plist;
				LD_RUNPATH_SEARCH_PATHS = (
					"$(inherited)",
					"@executable_path/Frameworks",
				);
				PRODUCT_BUNDLE_IDENTIFIER = ru.tinkoff.TinkoffChat;
				PRODUCT_NAME = "$(TARGET_NAME)";
				SWIFT_VERSION = 5.0;
				TARGETED_DEVICE_FAMILY = 1;
			};
			name = Debug;
		};
		A147586F250F5FA3004DFCAA /* Release */ = {
			isa = XCBuildConfiguration;
			baseConfigurationReference = 9D62D48067EC9199756A663E /* Pods-FintechApp.release.xcconfig */;
			buildSettings = {
				ASSETCATALOG_COMPILER_APPICON_NAME = AppIcon;
				CODE_SIGN_STYLE = Automatic;
				DEVELOPMENT_TEAM = 226833GSKB;
				INFOPLIST_FILE = FintechApp/Info.plist;
				LD_RUNPATH_SEARCH_PATHS = (
					"$(inherited)",
					"@executable_path/Frameworks",
				);
				PRODUCT_BUNDLE_IDENTIFIER = ru.tinkoff.TinkoffChat;
				PRODUCT_NAME = "$(TARGET_NAME)";
				SWIFT_VERSION = 5.0;
				TARGETED_DEVICE_FAMILY = 1;
			};
			name = Release;
		};
/* End XCBuildConfiguration section */

/* Begin XCConfigurationList section */
		A1475854250F5FA2004DFCAA /* Build configuration list for PBXProject "FintechApp" */ = {
			isa = XCConfigurationList;
			buildConfigurations = (
				A147586B250F5FA3004DFCAA /* Debug */,
				A147586C250F5FA3004DFCAA /* Release */,
			);
			defaultConfigurationIsVisible = 0;
			defaultConfigurationName = Release;
		};
		A147586D250F5FA3004DFCAA /* Build configuration list for PBXNativeTarget "FintechApp" */ = {
			isa = XCConfigurationList;
			buildConfigurations = (
				A147586E250F5FA3004DFCAA /* Debug */,
				A147586F250F5FA3004DFCAA /* Release */,
			);
			defaultConfigurationIsVisible = 0;
			defaultConfigurationName = Release;
		};
/* End XCConfigurationList section */
	};
	rootObject = A1475851250F5FA2004DFCAA /* Project object */;
}
